// !$*UTF8*$!
{
	archiveVersion = 1;
	classes = {
	};
	objectVersion = 50;
	objects = {

/* Begin PBXBuildFile section */
		25A3A1B1238DC1CA009C70EA /* FailableCodableArray.swift in Sources */ = {isa = PBXBuildFile; fileRef = 25A3A1B0238DC1CA009C70EA /* FailableCodableArray.swift */; };
		25A3A1B3238DC1F4009C70EA /* FailableCodableArrayTests.swift in Sources */ = {isa = PBXBuildFile; fileRef = 25A3A1B2238DC1F4009C70EA /* FailableCodableArrayTests.swift */; };
		D16432F822873CB700C0F780 /* EncodableTests.swift in Sources */ = {isa = PBXBuildFile; fileRef = D16432F722873CB700C0F780 /* EncodableTests.swift */; };
		D16432FA22873CB700C0F780 /* ReactiveAPI.framework in Frameworks */ = {isa = PBXBuildFile; fileRef = D195F1C822086C8200530339 /* ReactiveAPI.framework */; };
		D164330022873CEB00C0F780 /* RxSwift.framework in Frameworks */ = {isa = PBXBuildFile; fileRef = D195F1D422086D9600530339 /* RxSwift.framework */; };
		D164330222873D6400C0F780 /* RxSwift.framework in Copy Files Carthage */ = {isa = PBXBuildFile; fileRef = D195F1D422086D9600530339 /* RxSwift.framework */; settings = {ATTRIBUTES = (CodeSignOnCopy, RemoveHeadersOnCopy, ); }; };
		D181276922ABAC25001CA667 /* ModelMock.swift in Sources */ = {isa = PBXBuildFile; fileRef = D181276822ABAC25001CA667 /* ModelMock.swift */; };
		D181276B22ABACBC001CA667 /* Resources.swift in Sources */ = {isa = PBXBuildFile; fileRef = D181276A22ABACBC001CA667 /* Resources.swift */; };
		D181276F22ABC712001CA667 /* AuthenticatorMock.swift in Sources */ = {isa = PBXBuildFile; fileRef = D181276E22ABC712001CA667 /* AuthenticatorMock.swift */; };
		D184126B22ABA67500609847 /* RxBlocking.framework in Frameworks */ = {isa = PBXBuildFile; fileRef = D184126A22ABA67500609847 /* RxBlocking.framework */; };
		D184126D22ABA6FF00609847 /* RxRelay.framework in Frameworks */ = {isa = PBXBuildFile; fileRef = D184126C22ABA6FE00609847 /* RxRelay.framework */; };
		D184126E22ABA72000609847 /* RxBlocking.framework in Copy Files Carthage */ = {isa = PBXBuildFile; fileRef = D184126A22ABA67500609847 /* RxBlocking.framework */; settings = {ATTRIBUTES = (CodeSignOnCopy, RemoveHeadersOnCopy, ); }; };
		D184126F22ABA72B00609847 /* RxRelay.framework in Copy Files Carthage */ = {isa = PBXBuildFile; fileRef = D184126C22ABA6FE00609847 /* RxRelay.framework */; settings = {ATTRIBUTES = (CodeSignOnCopy, RemoveHeadersOnCopy, ); }; };
		D184127122ABA8C100609847 /* ReactiveAPIProtocolTests.swift in Sources */ = {isa = PBXBuildFile; fileRef = D184127022ABA8C100609847 /* ReactiveAPIProtocolTests.swift */; };
		D1942861228EC5310071D00C /* RxCocoa.framework in Frameworks */ = {isa = PBXBuildFile; fileRef = D1942860228EC5310071D00C /* RxCocoa.framework */; };
		D1942862228EC54A0071D00C /* RxCocoa.framework in Copy Files Carthage */ = {isa = PBXBuildFile; fileRef = D1942860228EC5310071D00C /* RxCocoa.framework */; settings = {ATTRIBUTES = (CodeSignOnCopy, RemoveHeadersOnCopy, ); }; };
		D1942868228F2AFA0071D00C /* URLComponents+QueryParams.swift in Sources */ = {isa = PBXBuildFile; fileRef = D1942867228F2AFA0071D00C /* URLComponents+QueryParams.swift */; };
		D195F1D522086D9600530339 /* RxSwift.framework in Frameworks */ = {isa = PBXBuildFile; fileRef = D195F1D422086D9600530339 /* RxSwift.framework */; };
		D195F1E522086DB200530339 /* ReactiveAPIRequestInterceptor.swift in Sources */ = {isa = PBXBuildFile; fileRef = D195F1D622086DB100530339 /* ReactiveAPIRequestInterceptor.swift */; };
		D195F1E622086DB200530339 /* ReactiveAPI.swift in Sources */ = {isa = PBXBuildFile; fileRef = D195F1D722086DB200530339 /* ReactiveAPI.swift */; };
		D195F1E722086DB200530339 /* URLRequest+ReactiveAPI.swift in Sources */ = {isa = PBXBuildFile; fileRef = D195F1D922086DB200530339 /* URLRequest+ReactiveAPI.swift */; };
		D195F1E922086DB200530339 /* Encodable+Dictionary.swift in Sources */ = {isa = PBXBuildFile; fileRef = D195F1DB22086DB200530339 /* Encodable+Dictionary.swift */; };
		D195F1EB22086DB200530339 /* ReactiveAPIError.swift in Sources */ = {isa = PBXBuildFile; fileRef = D195F1DD22086DB200530339 /* ReactiveAPIError.swift */; };
		D195F1EC22086DB200530339 /* ReactiveAPICache.swift in Sources */ = {isa = PBXBuildFile; fileRef = D195F1DE22086DB200530339 /* ReactiveAPICache.swift */; };
		D195F1ED22086DB200530339 /* ReactiveAPIProtocol.swift in Sources */ = {isa = PBXBuildFile; fileRef = D195F1DF22086DB200530339 /* ReactiveAPIProtocol.swift */; };
		D195F1EE22086DB200530339 /* ReactiveAPIHTTPMethod.swift in Sources */ = {isa = PBXBuildFile; fileRef = D195F1E022086DB200530339 /* ReactiveAPIHTTPMethod.swift */; };
		D195F1EF22086DB200530339 /* ReactiveAPIAuthenticator.swift in Sources */ = {isa = PBXBuildFile; fileRef = D195F1E122086DB200530339 /* ReactiveAPIAuthenticator.swift */; };
		D195F1F122086DB200530339 /* MaxAgeCache.swift in Sources */ = {isa = PBXBuildFile; fileRef = D195F1E422086DB200530339 /* MaxAgeCache.swift */; };
		D1996DE92369C69E00F25CA6 /* URLSessionRxTests.swift in Sources */ = {isa = PBXBuildFile; fileRef = D1996DE82369C69E00F25CA6 /* URLSessionRxTests.swift */; };
		D1996DEB2369DA7D00F25CA6 /* InterceptorMock.swift in Sources */ = {isa = PBXBuildFile; fileRef = D1996DEA2369DA7D00F25CA6 /* InterceptorMock.swift */; };
		D1996DED2369E74200F25CA6 /* ReactiveAPITokenAuthenticatorTests.swift in Sources */ = {isa = PBXBuildFile; fileRef = D1996DEC2369E74200F25CA6 /* ReactiveAPITokenAuthenticatorTests.swift */; };
		D1A36F1322A2C181001D9ED5 /* JSONReactiveAPITests.swift in Sources */ = {isa = PBXBuildFile; fileRef = D1A36F1222A2C181001D9ED5 /* JSONReactiveAPITests.swift */; };
		D1A36F1522A2CD69001D9ED5 /* SessionMock.swift in Sources */ = {isa = PBXBuildFile; fileRef = D1A36F1422A2CD69001D9ED5 /* SessionMock.swift */; };
		D1AF9B09237FF6C2000513F9 /* URLRequestTests.swift in Sources */ = {isa = PBXBuildFile; fileRef = D1AF9B07237FF6C2000513F9 /* URLRequestTests.swift */; };
		D1AF9B0A237FF6C2000513F9 /* URLComponentsTests.swift in Sources */ = {isa = PBXBuildFile; fileRef = D1AF9B08237FF6C2000513F9 /* URLComponentsTests.swift */; };
		D1CD8B6922ABF1AA00324223 /* CacheMock.swift in Sources */ = {isa = PBXBuildFile; fileRef = D1CD8B6822ABF1AA00324223 /* CacheMock.swift */; };
		D1CD8B6B22ABF99100324223 /* MaxAgeCacheTests.swift in Sources */ = {isa = PBXBuildFile; fileRef = D1CD8B6A22ABF99100324223 /* MaxAgeCacheTests.swift */; };
		D1CD8B6E22AC064900324223 /* ReactiveAPIErrorTests.swift in Sources */ = {isa = PBXBuildFile; fileRef = D1CD8B6D22AC064900324223 /* ReactiveAPIErrorTests.swift */; };
		D820B595237FFA1E00C7B0D3 /* ReactiveAPIExt.framework in Frameworks */ = {isa = PBXBuildFile; fileRef = D820B58C237FFA1E00C7B0D3 /* ReactiveAPIExt.framework */; };
		D820B5A3237FFA6000C7B0D3 /* LoadingResult.swift in Sources */ = {isa = PBXBuildFile; fileRef = 25E88A74235F0ECD0027797A /* LoadingResult.swift */; };
		D820B5A4237FFA6000C7B0D3 /* ReactiveFetcher.swift in Sources */ = {isa = PBXBuildFile; fileRef = 25E88A72235F0D050027797A /* ReactiveFetcher.swift */; };
		D820B5A5237FFA7700C7B0D3 /* ReactiveFetcherTests.swift in Sources */ = {isa = PBXBuildFile; fileRef = D1BA2C2B237AE38C009CCDC2 /* ReactiveFetcherTests.swift */; };
		D820B5A6237FFA7700C7B0D3 /* LoadingResultTests.swift in Sources */ = {isa = PBXBuildFile; fileRef = D1C7CC8E2374B87B007EDC5D /* LoadingResultTests.swift */; };
		D820B5A7237FFB2B00C7B0D3 /* RxBlocking.framework in Frameworks */ = {isa = PBXBuildFile; fileRef = D184126A22ABA67500609847 /* RxBlocking.framework */; };
		D820B5A8237FFB2B00C7B0D3 /* RxCocoa.framework in Frameworks */ = {isa = PBXBuildFile; fileRef = D1942860228EC5310071D00C /* RxCocoa.framework */; };
		D820B5A9237FFB2B00C7B0D3 /* RxRelay.framework in Frameworks */ = {isa = PBXBuildFile; fileRef = D184126C22ABA6FE00609847 /* RxRelay.framework */; };
		D820B5AA237FFB2B00C7B0D3 /* RxSwift.framework in Frameworks */ = {isa = PBXBuildFile; fileRef = D195F1D422086D9600530339 /* RxSwift.framework */; };
		D820B5AB237FFB3400C7B0D3 /* ReactiveAPI.framework in Frameworks */ = {isa = PBXBuildFile; fileRef = D195F1C822086C8200530339 /* ReactiveAPI.framework */; };
		D820B5AD237FFB4900C7B0D3 /* RxBlocking.framework in CopyFiles */ = {isa = PBXBuildFile; fileRef = D184126A22ABA67500609847 /* RxBlocking.framework */; settings = {ATTRIBUTES = (CodeSignOnCopy, RemoveHeadersOnCopy, ); }; };
		D820B5AE237FFB4900C7B0D3 /* RxCocoa.framework in CopyFiles */ = {isa = PBXBuildFile; fileRef = D1942860228EC5310071D00C /* RxCocoa.framework */; settings = {ATTRIBUTES = (CodeSignOnCopy, RemoveHeadersOnCopy, ); }; };
		D820B5AF237FFB4900C7B0D3 /* RxRelay.framework in CopyFiles */ = {isa = PBXBuildFile; fileRef = D184126C22ABA6FE00609847 /* RxRelay.framework */; settings = {ATTRIBUTES = (CodeSignOnCopy, RemoveHeadersOnCopy, ); }; };
		D820B5B0237FFB4900C7B0D3 /* RxSwift.framework in CopyFiles */ = {isa = PBXBuildFile; fileRef = D195F1D422086D9600530339 /* RxSwift.framework */; settings = {ATTRIBUTES = (CodeSignOnCopy, RemoveHeadersOnCopy, ); }; };
		D820B5B1237FFB5000C7B0D3 /* ReactiveAPI.framework in CopyFiles */ = {isa = PBXBuildFile; fileRef = D195F1C822086C8200530339 /* ReactiveAPI.framework */; settings = {ATTRIBUTES = (CodeSignOnCopy, RemoveHeadersOnCopy, ); }; };
		D820B5B2237FFBCB00C7B0D3 /* RxSwift.framework in Frameworks */ = {isa = PBXBuildFile; fileRef = D195F1D422086D9600530339 /* RxSwift.framework */; };
		D857D840232FDC6F008170E7 /* URLSession+Rx.swift in Sources */ = {isa = PBXBuildFile; fileRef = D857D83F232FDC6F008170E7 /* URLSession+Rx.swift */; };
		D869D6B422AFEC6A00BBD3FB /* ReactiveAPITokenAuthenticator.swift in Sources */ = {isa = PBXBuildFile; fileRef = D869D6B322AFEC6A00BBD3FB /* ReactiveAPITokenAuthenticator.swift */; };
/* End PBXBuildFile section */

/* Begin PBXContainerItemProxy section */
		D16432FB22873CB700C0F780 /* PBXContainerItemProxy */ = {
			isa = PBXContainerItemProxy;
			containerPortal = D195F1BF22086C8200530339 /* Project object */;
			proxyType = 1;
			remoteGlobalIDString = D195F1C722086C8200530339;
			remoteInfo = ReactiveAPI;
		};
		D820B596237FFA1E00C7B0D3 /* PBXContainerItemProxy */ = {
			isa = PBXContainerItemProxy;
			containerPortal = D195F1BF22086C8200530339 /* Project object */;
			proxyType = 1;
			remoteGlobalIDString = D820B58B237FFA1E00C7B0D3;
			remoteInfo = ReactiveAPIExt;
		};
/* End PBXContainerItemProxy section */

/* Begin PBXCopyFilesBuildPhase section */
		D164330122873D3200C0F780 /* Copy Files Carthage */ = {
			isa = PBXCopyFilesBuildPhase;
			buildActionMask = 2147483647;
			dstPath = "";
			dstSubfolderSpec = 10;
			files = (
				D184126F22ABA72B00609847 /* RxRelay.framework in Copy Files Carthage */,
				D184126E22ABA72000609847 /* RxBlocking.framework in Copy Files Carthage */,
				D1942862228EC54A0071D00C /* RxCocoa.framework in Copy Files Carthage */,
				D164330222873D6400C0F780 /* RxSwift.framework in Copy Files Carthage */,
			);
			name = "Copy Files Carthage";
			runOnlyForDeploymentPostprocessing = 0;
		};
		D820B5AC237FFB4300C7B0D3 /* CopyFiles */ = {
			isa = PBXCopyFilesBuildPhase;
			buildActionMask = 2147483647;
			dstPath = "";
			dstSubfolderSpec = 10;
			files = (
				D820B5B1237FFB5000C7B0D3 /* ReactiveAPI.framework in CopyFiles */,
				D820B5AD237FFB4900C7B0D3 /* RxBlocking.framework in CopyFiles */,
				D820B5AE237FFB4900C7B0D3 /* RxCocoa.framework in CopyFiles */,
				D820B5AF237FFB4900C7B0D3 /* RxRelay.framework in CopyFiles */,
				D820B5B0237FFB4900C7B0D3 /* RxSwift.framework in CopyFiles */,
			);
			runOnlyForDeploymentPostprocessing = 0;
		};
/* End PBXCopyFilesBuildPhase section */

/* Begin PBXFileReference section */
		25A3A1B0238DC1CA009C70EA /* FailableCodableArray.swift */ = {isa = PBXFileReference; fileEncoding = 4; lastKnownFileType = sourcecode.swift; path = FailableCodableArray.swift; sourceTree = "<group>"; };
		25A3A1B2238DC1F4009C70EA /* FailableCodableArrayTests.swift */ = {isa = PBXFileReference; lastKnownFileType = sourcecode.swift; path = FailableCodableArrayTests.swift; sourceTree = "<group>"; };
		25E88A72235F0D050027797A /* ReactiveFetcher.swift */ = {isa = PBXFileReference; lastKnownFileType = sourcecode.swift; path = ReactiveFetcher.swift; sourceTree = "<group>"; };
		25E88A74235F0ECD0027797A /* LoadingResult.swift */ = {isa = PBXFileReference; fileEncoding = 4; lastKnownFileType = sourcecode.swift; path = LoadingResult.swift; sourceTree = "<group>"; };
		D16432F522873CB700C0F780 /* ReactiveAPITests.xctest */ = {isa = PBXFileReference; explicitFileType = wrapper.cfbundle; includeInIndex = 0; path = ReactiveAPITests.xctest; sourceTree = BUILT_PRODUCTS_DIR; };
		D16432F722873CB700C0F780 /* EncodableTests.swift */ = {isa = PBXFileReference; lastKnownFileType = sourcecode.swift; path = EncodableTests.swift; sourceTree = "<group>"; };
		D16432F922873CB700C0F780 /* Info.plist */ = {isa = PBXFileReference; lastKnownFileType = text.plist.xml; path = Info.plist; sourceTree = "<group>"; };
		D181276822ABAC25001CA667 /* ModelMock.swift */ = {isa = PBXFileReference; lastKnownFileType = sourcecode.swift; path = ModelMock.swift; sourceTree = "<group>"; };
		D181276A22ABACBC001CA667 /* Resources.swift */ = {isa = PBXFileReference; lastKnownFileType = sourcecode.swift; path = Resources.swift; sourceTree = "<group>"; };
		D181276E22ABC712001CA667 /* AuthenticatorMock.swift */ = {isa = PBXFileReference; lastKnownFileType = sourcecode.swift; path = AuthenticatorMock.swift; sourceTree = "<group>"; };
		D184126A22ABA67500609847 /* RxBlocking.framework */ = {isa = PBXFileReference; lastKnownFileType = wrapper.framework; name = RxBlocking.framework; path = Carthage/Build/iOS/RxBlocking.framework; sourceTree = "<group>"; };
		D184126C22ABA6FE00609847 /* RxRelay.framework */ = {isa = PBXFileReference; lastKnownFileType = wrapper.framework; name = RxRelay.framework; path = Carthage/Build/iOS/RxRelay.framework; sourceTree = "<group>"; };
		D184127022ABA8C100609847 /* ReactiveAPIProtocolTests.swift */ = {isa = PBXFileReference; lastKnownFileType = sourcecode.swift; path = ReactiveAPIProtocolTests.swift; sourceTree = "<group>"; };
		D1942860228EC5310071D00C /* RxCocoa.framework */ = {isa = PBXFileReference; lastKnownFileType = wrapper.framework; name = RxCocoa.framework; path = Carthage/Build/iOS/RxCocoa.framework; sourceTree = "<group>"; };
		D1942867228F2AFA0071D00C /* URLComponents+QueryParams.swift */ = {isa = PBXFileReference; lastKnownFileType = sourcecode.swift; path = "URLComponents+QueryParams.swift"; sourceTree = "<group>"; };
		D195F1C822086C8200530339 /* ReactiveAPI.framework */ = {isa = PBXFileReference; explicitFileType = wrapper.framework; includeInIndex = 0; path = ReactiveAPI.framework; sourceTree = BUILT_PRODUCTS_DIR; };
		D195F1CC22086C8200530339 /* Info.plist */ = {isa = PBXFileReference; lastKnownFileType = text.plist.xml; path = Info.plist; sourceTree = "<group>"; };
		D195F1D422086D9600530339 /* RxSwift.framework */ = {isa = PBXFileReference; lastKnownFileType = wrapper.framework; name = RxSwift.framework; path = Carthage/Build/iOS/RxSwift.framework; sourceTree = "<group>"; };
		D195F1D622086DB100530339 /* ReactiveAPIRequestInterceptor.swift */ = {isa = PBXFileReference; fileEncoding = 4; lastKnownFileType = sourcecode.swift; path = ReactiveAPIRequestInterceptor.swift; sourceTree = "<group>"; };
		D195F1D722086DB200530339 /* ReactiveAPI.swift */ = {isa = PBXFileReference; fileEncoding = 4; lastKnownFileType = sourcecode.swift; path = ReactiveAPI.swift; sourceTree = "<group>"; };
		D195F1D922086DB200530339 /* URLRequest+ReactiveAPI.swift */ = {isa = PBXFileReference; fileEncoding = 4; lastKnownFileType = sourcecode.swift; path = "URLRequest+ReactiveAPI.swift"; sourceTree = "<group>"; };
		D195F1DB22086DB200530339 /* Encodable+Dictionary.swift */ = {isa = PBXFileReference; fileEncoding = 4; lastKnownFileType = sourcecode.swift; path = "Encodable+Dictionary.swift"; sourceTree = "<group>"; };
		D195F1DD22086DB200530339 /* ReactiveAPIError.swift */ = {isa = PBXFileReference; fileEncoding = 4; lastKnownFileType = sourcecode.swift; path = ReactiveAPIError.swift; sourceTree = "<group>"; };
		D195F1DE22086DB200530339 /* ReactiveAPICache.swift */ = {isa = PBXFileReference; fileEncoding = 4; lastKnownFileType = sourcecode.swift; path = ReactiveAPICache.swift; sourceTree = "<group>"; };
		D195F1DF22086DB200530339 /* ReactiveAPIProtocol.swift */ = {isa = PBXFileReference; fileEncoding = 4; lastKnownFileType = sourcecode.swift; path = ReactiveAPIProtocol.swift; sourceTree = "<group>"; };
		D195F1E022086DB200530339 /* ReactiveAPIHTTPMethod.swift */ = {isa = PBXFileReference; fileEncoding = 4; lastKnownFileType = sourcecode.swift; path = ReactiveAPIHTTPMethod.swift; sourceTree = "<group>"; };
		D195F1E122086DB200530339 /* ReactiveAPIAuthenticator.swift */ = {isa = PBXFileReference; fileEncoding = 4; lastKnownFileType = sourcecode.swift; path = ReactiveAPIAuthenticator.swift; sourceTree = "<group>"; };
		D195F1E422086DB200530339 /* MaxAgeCache.swift */ = {isa = PBXFileReference; fileEncoding = 4; lastKnownFileType = sourcecode.swift; path = MaxAgeCache.swift; sourceTree = "<group>"; };
		D1996DE82369C69E00F25CA6 /* URLSessionRxTests.swift */ = {isa = PBXFileReference; lastKnownFileType = sourcecode.swift; path = URLSessionRxTests.swift; sourceTree = "<group>"; };
		D1996DEA2369DA7D00F25CA6 /* InterceptorMock.swift */ = {isa = PBXFileReference; lastKnownFileType = sourcecode.swift; path = InterceptorMock.swift; sourceTree = "<group>"; };
		D1996DEC2369E74200F25CA6 /* ReactiveAPITokenAuthenticatorTests.swift */ = {isa = PBXFileReference; lastKnownFileType = sourcecode.swift; path = ReactiveAPITokenAuthenticatorTests.swift; sourceTree = "<group>"; };
		D1A36F1222A2C181001D9ED5 /* JSONReactiveAPITests.swift */ = {isa = PBXFileReference; lastKnownFileType = sourcecode.swift; path = JSONReactiveAPITests.swift; sourceTree = "<group>"; };
		D1A36F1422A2CD69001D9ED5 /* SessionMock.swift */ = {isa = PBXFileReference; fileEncoding = 4; lastKnownFileType = sourcecode.swift; path = SessionMock.swift; sourceTree = "<group>"; };
		D1AF9B07237FF6C2000513F9 /* URLRequestTests.swift */ = {isa = PBXFileReference; fileEncoding = 4; lastKnownFileType = sourcecode.swift; path = URLRequestTests.swift; sourceTree = "<group>"; };
		D1AF9B08237FF6C2000513F9 /* URLComponentsTests.swift */ = {isa = PBXFileReference; fileEncoding = 4; lastKnownFileType = sourcecode.swift; path = URLComponentsTests.swift; sourceTree = "<group>"; };
		D1BA2C2B237AE38C009CCDC2 /* ReactiveFetcherTests.swift */ = {isa = PBXFileReference; lastKnownFileType = sourcecode.swift; path = ReactiveFetcherTests.swift; sourceTree = "<group>"; };
		D1C7CC8E2374B87B007EDC5D /* LoadingResultTests.swift */ = {isa = PBXFileReference; lastKnownFileType = sourcecode.swift; path = LoadingResultTests.swift; sourceTree = "<group>"; };
		D1CD8B6822ABF1AA00324223 /* CacheMock.swift */ = {isa = PBXFileReference; lastKnownFileType = sourcecode.swift; path = CacheMock.swift; sourceTree = "<group>"; };
		D1CD8B6A22ABF99100324223 /* MaxAgeCacheTests.swift */ = {isa = PBXFileReference; lastKnownFileType = sourcecode.swift; path = MaxAgeCacheTests.swift; sourceTree = "<group>"; };
		D1CD8B6D22AC064900324223 /* ReactiveAPIErrorTests.swift */ = {isa = PBXFileReference; lastKnownFileType = sourcecode.swift; path = ReactiveAPIErrorTests.swift; sourceTree = "<group>"; };
		D820B58C237FFA1E00C7B0D3 /* ReactiveAPIExt.framework */ = {isa = PBXFileReference; explicitFileType = wrapper.framework; includeInIndex = 0; path = ReactiveAPIExt.framework; sourceTree = BUILT_PRODUCTS_DIR; };
		D820B58F237FFA1E00C7B0D3 /* Info.plist */ = {isa = PBXFileReference; lastKnownFileType = text.plist.xml; path = Info.plist; sourceTree = "<group>"; };
		D820B594237FFA1E00C7B0D3 /* ReactiveAPIExtTests.xctest */ = {isa = PBXFileReference; explicitFileType = wrapper.cfbundle; includeInIndex = 0; path = ReactiveAPIExtTests.xctest; sourceTree = BUILT_PRODUCTS_DIR; };
		D820B59B237FFA1E00C7B0D3 /* Info.plist */ = {isa = PBXFileReference; lastKnownFileType = text.plist.xml; path = Info.plist; sourceTree = "<group>"; };
		D857D83F232FDC6F008170E7 /* URLSession+Rx.swift */ = {isa = PBXFileReference; lastKnownFileType = sourcecode.swift; path = "URLSession+Rx.swift"; sourceTree = "<group>"; };
		D869D6B322AFEC6A00BBD3FB /* ReactiveAPITokenAuthenticator.swift */ = {isa = PBXFileReference; lastKnownFileType = sourcecode.swift; path = ReactiveAPITokenAuthenticator.swift; sourceTree = "<group>"; };
/* End PBXFileReference section */

/* Begin PBXFrameworksBuildPhase section */
		D16432F222873CB700C0F780 /* Frameworks */ = {
			isa = PBXFrameworksBuildPhase;
			buildActionMask = 2147483647;
			files = (
				D164330022873CEB00C0F780 /* RxSwift.framework in Frameworks */,
				D16432FA22873CB700C0F780 /* ReactiveAPI.framework in Frameworks */,
				D1942861228EC5310071D00C /* RxCocoa.framework in Frameworks */,
				D184126B22ABA67500609847 /* RxBlocking.framework in Frameworks */,
				D184126D22ABA6FF00609847 /* RxRelay.framework in Frameworks */,
			);
			runOnlyForDeploymentPostprocessing = 0;
		};
		D195F1C522086C8200530339 /* Frameworks */ = {
			isa = PBXFrameworksBuildPhase;
			buildActionMask = 2147483647;
			files = (
				D195F1D522086D9600530339 /* RxSwift.framework in Frameworks */,
			);
			runOnlyForDeploymentPostprocessing = 0;
		};
		D820B589237FFA1E00C7B0D3 /* Frameworks */ = {
			isa = PBXFrameworksBuildPhase;
			buildActionMask = 2147483647;
			files = (
				D820B5B2237FFBCB00C7B0D3 /* RxSwift.framework in Frameworks */,
			);
			runOnlyForDeploymentPostprocessing = 0;
		};
		D820B591237FFA1E00C7B0D3 /* Frameworks */ = {
			isa = PBXFrameworksBuildPhase;
			buildActionMask = 2147483647;
			files = (
				D820B5AB237FFB3400C7B0D3 /* ReactiveAPI.framework in Frameworks */,
				D820B595237FFA1E00C7B0D3 /* ReactiveAPIExt.framework in Frameworks */,
				D820B5A7237FFB2B00C7B0D3 /* RxBlocking.framework in Frameworks */,
				D820B5A8237FFB2B00C7B0D3 /* RxCocoa.framework in Frameworks */,
				D820B5A9237FFB2B00C7B0D3 /* RxRelay.framework in Frameworks */,
				D820B5AA237FFB2B00C7B0D3 /* RxSwift.framework in Frameworks */,
			);
			runOnlyForDeploymentPostprocessing = 0;
		};
/* End PBXFrameworksBuildPhase section */

/* Begin PBXGroup section */
		25E88A71235F0CE80027797A /* Fetcher */ = {
			isa = PBXGroup;
			children = (
				25E88A74235F0ECD0027797A /* LoadingResult.swift */,
				25E88A72235F0D050027797A /* ReactiveFetcher.swift */,
			);
			path = Fetcher;
			sourceTree = "<group>";
		};
		D16432F622873CB700C0F780 /* ReactiveAPITests */ = {
			isa = PBXGroup;
			children = (
				D16432F922873CB700C0F780 /* Info.plist */,
				D1A36F1222A2C181001D9ED5 /* JSONReactiveAPITests.swift */,
				D1CD8B6A22ABF99100324223 /* MaxAgeCacheTests.swift */,
				D1CD8B6D22AC064900324223 /* ReactiveAPIErrorTests.swift */,
				D184127022ABA8C100609847 /* ReactiveAPIProtocolTests.swift */,
				D1996DEC2369E74200F25CA6 /* ReactiveAPITokenAuthenticatorTests.swift */,
				D1996DE72369AAFD00F25CA6 /* Extensions */,
				D1A36F1622A2CE23001D9ED5 /* Mocks */,
				D1CD8B6C22ABFAB200324223 /* Resources */,
			);
			path = ReactiveAPITests;
			sourceTree = "<group>";
		};
		D195F1BE22086C8200530339 = {
			isa = PBXGroup;
			children = (
				D195F1C922086C8200530339 /* Products */,
				D195F1D322086D9600530339 /* Frameworks */,
				D195F1CA22086C8200530339 /* ReactiveAPI */,
				D16432F622873CB700C0F780 /* ReactiveAPITests */,
				D820B58D237FFA1E00C7B0D3 /* ReactiveAPIExt */,
				D820B598237FFA1E00C7B0D3 /* ReactiveAPIExtTests */,
			);
			sourceTree = "<group>";
		};
		D195F1C922086C8200530339 /* Products */ = {
			isa = PBXGroup;
			children = (
				D195F1C822086C8200530339 /* ReactiveAPI.framework */,
				D16432F522873CB700C0F780 /* ReactiveAPITests.xctest */,
				D820B58C237FFA1E00C7B0D3 /* ReactiveAPIExt.framework */,
				D820B594237FFA1E00C7B0D3 /* ReactiveAPIExtTests.xctest */,
			);
			name = Products;
			sourceTree = "<group>";
		};
		D195F1CA22086C8200530339 /* ReactiveAPI */ = {
			isa = PBXGroup;
			children = (
				D195F1CC22086C8200530339 /* Info.plist */,
				D195F1D722086DB200530339 /* ReactiveAPI.swift */,
				D195F1E122086DB200530339 /* ReactiveAPIAuthenticator.swift */,
				D195F1DE22086DB200530339 /* ReactiveAPICache.swift */,
				D195F1DD22086DB200530339 /* ReactiveAPIError.swift */,
				D195F1E022086DB200530339 /* ReactiveAPIHTTPMethod.swift */,
				D195F1DF22086DB200530339 /* ReactiveAPIProtocol.swift */,
				D195F1D622086DB100530339 /* ReactiveAPIRequestInterceptor.swift */,
				D869D6B322AFEC6A00BBD3FB /* ReactiveAPITokenAuthenticator.swift */,
				D195F1E322086DB200530339 /* Caching */,
				D195F1D822086DB200530339 /* Extensions */,
			);
			path = ReactiveAPI;
			sourceTree = "<group>";
		};
		D195F1D322086D9600530339 /* Frameworks */ = {
			isa = PBXGroup;
			children = (
				D184126A22ABA67500609847 /* RxBlocking.framework */,
				D1942860228EC5310071D00C /* RxCocoa.framework */,
				D184126C22ABA6FE00609847 /* RxRelay.framework */,
				D195F1D422086D9600530339 /* RxSwift.framework */,
			);
			name = Frameworks;
			sourceTree = "<group>";
		};
		D195F1D822086DB200530339 /* Extensions */ = {
			isa = PBXGroup;
			children = (
				D195F1DB22086DB200530339 /* Encodable+Dictionary.swift */,
				D1942867228F2AFA0071D00C /* URLComponents+QueryParams.swift */,
				D195F1D922086DB200530339 /* URLRequest+ReactiveAPI.swift */,
				D857D83F232FDC6F008170E7 /* URLSession+Rx.swift */,
			);
			path = Extensions;
			sourceTree = "<group>";
		};
		D195F1E322086DB200530339 /* Caching */ = {
			isa = PBXGroup;
			children = (
				D195F1E422086DB200530339 /* MaxAgeCache.swift */,
			);
			path = Caching;
			sourceTree = "<group>";
		};
		D1996DE72369AAFD00F25CA6 /* Extensions */ = {
			isa = PBXGroup;
			children = (
				D16432F722873CB700C0F780 /* EncodableTests.swift */,
				D1AF9B08237FF6C2000513F9 /* URLComponentsTests.swift */,
				D1AF9B07237FF6C2000513F9 /* URLRequestTests.swift */,
				D1996DE82369C69E00F25CA6 /* URLSessionRxTests.swift */,
			);
			path = Extensions;
			sourceTree = "<group>";
		};
		D1A36F1622A2CE23001D9ED5 /* Mocks */ = {
			isa = PBXGroup;
			children = (
				D181276E22ABC712001CA667 /* AuthenticatorMock.swift */,
				D1CD8B6822ABF1AA00324223 /* CacheMock.swift */,
				D1996DEA2369DA7D00F25CA6 /* InterceptorMock.swift */,
				D181276822ABAC25001CA667 /* ModelMock.swift */,
				D1A36F1422A2CD69001D9ED5 /* SessionMock.swift */,
			);
			path = Mocks;
			sourceTree = "<group>";
		};
		D1CD8B6C22ABFAB200324223 /* Resources */ = {
			isa = PBXGroup;
			children = (
				D181276A22ABACBC001CA667 /* Resources.swift */,
			);
			path = Resources;
			sourceTree = "<group>";
		};
		D820B58D237FFA1E00C7B0D3 /* ReactiveAPIExt */ = {
			isa = PBXGroup;
			children = (
				D820B58F237FFA1E00C7B0D3 /* Info.plist */,
				25A3A1B0238DC1CA009C70EA /* FailableCodableArray.swift */,
				25E88A71235F0CE80027797A /* Fetcher */,
			);
			path = ReactiveAPIExt;
			sourceTree = "<group>";
		};
		D820B598237FFA1E00C7B0D3 /* ReactiveAPIExtTests */ = {
			isa = PBXGroup;
			children = (
				D820B59B237FFA1E00C7B0D3 /* Info.plist */,
				25A3A1B2238DC1F4009C70EA /* FailableCodableArrayTests.swift */,
				D1C7CC8E2374B87B007EDC5D /* LoadingResultTests.swift */,
				D1BA2C2B237AE38C009CCDC2 /* ReactiveFetcherTests.swift */,
			);
			path = ReactiveAPIExtTests;
			sourceTree = "<group>";
		};
/* End PBXGroup section */

/* Begin PBXHeadersBuildPhase section */
		D195F1C322086C8200530339 /* Headers */ = {
			isa = PBXHeadersBuildPhase;
			buildActionMask = 2147483647;
			files = (
			);
			runOnlyForDeploymentPostprocessing = 0;
		};
		D820B587237FFA1E00C7B0D3 /* Headers */ = {
			isa = PBXHeadersBuildPhase;
			buildActionMask = 2147483647;
			files = (
			);
			runOnlyForDeploymentPostprocessing = 0;
		};
/* End PBXHeadersBuildPhase section */

/* Begin PBXNativeTarget section */
		D16432F422873CB700C0F780 /* ReactiveAPITests */ = {
			isa = PBXNativeTarget;
			buildConfigurationList = D16432FF22873CB700C0F780 /* Build configuration list for PBXNativeTarget "ReactiveAPITests" */;
			buildPhases = (
				D16432F122873CB700C0F780 /* Sources */,
				D16432F222873CB700C0F780 /* Frameworks */,
				D16432F322873CB700C0F780 /* Resources */,
				D164330122873D3200C0F780 /* Copy Files Carthage */,
			);
			buildRules = (
			);
			dependencies = (
				D16432FC22873CB700C0F780 /* PBXTargetDependency */,
			);
			name = ReactiveAPITests;
			productName = ReactiveAPITests;
			productReference = D16432F522873CB700C0F780 /* ReactiveAPITests.xctest */;
			productType = "com.apple.product-type.bundle.unit-test";
		};
		D195F1C722086C8200530339 /* ReactiveAPI */ = {
			isa = PBXNativeTarget;
			buildConfigurationList = D195F1D022086C8200530339 /* Build configuration list for PBXNativeTarget "ReactiveAPI" */;
			buildPhases = (
				D195F1C322086C8200530339 /* Headers */,
				D195F1C422086C8200530339 /* Sources */,
				D195F1C522086C8200530339 /* Frameworks */,
				D195F1C622086C8200530339 /* Resources */,
			);
			buildRules = (
			);
			dependencies = (
			);
			name = ReactiveAPI;
			productName = ReactiveAPI;
			productReference = D195F1C822086C8200530339 /* ReactiveAPI.framework */;
			productType = "com.apple.product-type.framework";
		};
		D820B58B237FFA1E00C7B0D3 /* ReactiveAPIExt */ = {
			isa = PBXNativeTarget;
			buildConfigurationList = D820B5A1237FFA1E00C7B0D3 /* Build configuration list for PBXNativeTarget "ReactiveAPIExt" */;
			buildPhases = (
				D820B587237FFA1E00C7B0D3 /* Headers */,
				D820B588237FFA1E00C7B0D3 /* Sources */,
				D820B589237FFA1E00C7B0D3 /* Frameworks */,
				D820B58A237FFA1E00C7B0D3 /* Resources */,
			);
			buildRules = (
			);
			dependencies = (
			);
			name = ReactiveAPIExt;
			productName = ReactiveAPIExt;
			productReference = D820B58C237FFA1E00C7B0D3 /* ReactiveAPIExt.framework */;
			productType = "com.apple.product-type.framework";
		};
		D820B593237FFA1E00C7B0D3 /* ReactiveAPIExtTests */ = {
			isa = PBXNativeTarget;
			buildConfigurationList = D820B5A2237FFA1E00C7B0D3 /* Build configuration list for PBXNativeTarget "ReactiveAPIExtTests" */;
			buildPhases = (
				D820B590237FFA1E00C7B0D3 /* Sources */,
				D820B591237FFA1E00C7B0D3 /* Frameworks */,
				D820B592237FFA1E00C7B0D3 /* Resources */,
				D820B5AC237FFB4300C7B0D3 /* CopyFiles */,
			);
			buildRules = (
			);
			dependencies = (
				D820B597237FFA1E00C7B0D3 /* PBXTargetDependency */,
			);
			name = ReactiveAPIExtTests;
			productName = ReactiveAPIExtTests;
			productReference = D820B594237FFA1E00C7B0D3 /* ReactiveAPIExtTests.xctest */;
			productType = "com.apple.product-type.bundle.unit-test";
		};
/* End PBXNativeTarget section */

/* Begin PBXProject section */
		D195F1BF22086C8200530339 /* Project object */ = {
			isa = PBXProject;
			attributes = {
				LastSwiftUpdateCheck = 1120;
				LastUpgradeCheck = 1010;
				ORGANIZATIONNAME = Sky;
				TargetAttributes = {
					D16432F422873CB700C0F780 = {
						CreatedOnToolsVersion = 10.2.1;
					};
					D195F1C722086C8200530339 = {
						CreatedOnToolsVersion = 10.1;
						LastSwiftMigration = 1020;
					};
					D820B58B237FFA1E00C7B0D3 = {
						CreatedOnToolsVersion = 11.2;
					};
					D820B593237FFA1E00C7B0D3 = {
						CreatedOnToolsVersion = 11.2;
					};
				};
			};
			buildConfigurationList = D195F1C222086C8200530339 /* Build configuration list for PBXProject "ReactiveAPI" */;
			compatibilityVersion = "Xcode 9.3";
			developmentRegion = en;
			hasScannedForEncodings = 0;
			knownRegions = (
				en,
				Base,
			);
			mainGroup = D195F1BE22086C8200530339;
			productRefGroup = D195F1C922086C8200530339 /* Products */;
			projectDirPath = "";
			projectRoot = "";
			targets = (
				D195F1C722086C8200530339 /* ReactiveAPI */,
				D16432F422873CB700C0F780 /* ReactiveAPITests */,
				D820B58B237FFA1E00C7B0D3 /* ReactiveAPIExt */,
				D820B593237FFA1E00C7B0D3 /* ReactiveAPIExtTests */,
			);
		};
/* End PBXProject section */

/* Begin PBXResourcesBuildPhase section */
		D16432F322873CB700C0F780 /* Resources */ = {
			isa = PBXResourcesBuildPhase;
			buildActionMask = 2147483647;
			files = (
			);
			runOnlyForDeploymentPostprocessing = 0;
		};
		D195F1C622086C8200530339 /* Resources */ = {
			isa = PBXResourcesBuildPhase;
			buildActionMask = 2147483647;
			files = (
			);
			runOnlyForDeploymentPostprocessing = 0;
		};
		D820B58A237FFA1E00C7B0D3 /* Resources */ = {
			isa = PBXResourcesBuildPhase;
			buildActionMask = 2147483647;
			files = (
			);
			runOnlyForDeploymentPostprocessing = 0;
		};
		D820B592237FFA1E00C7B0D3 /* Resources */ = {
			isa = PBXResourcesBuildPhase;
			buildActionMask = 2147483647;
			files = (
			);
			runOnlyForDeploymentPostprocessing = 0;
		};
/* End PBXResourcesBuildPhase section */

/* Begin PBXSourcesBuildPhase section */
		D16432F122873CB700C0F780 /* Sources */ = {
			isa = PBXSourcesBuildPhase;
			buildActionMask = 2147483647;
			files = (
				D1CD8B6E22AC064900324223 /* ReactiveAPIErrorTests.swift in Sources */,
				D16432F822873CB700C0F780 /* EncodableTests.swift in Sources */,
				D1CD8B6B22ABF99100324223 /* MaxAgeCacheTests.swift in Sources */,
				D1996DE92369C69E00F25CA6 /* URLSessionRxTests.swift in Sources */,
				D1AF9B0A237FF6C2000513F9 /* URLComponentsTests.swift in Sources */,
				D181276922ABAC25001CA667 /* ModelMock.swift in Sources */,
				D1996DED2369E74200F25CA6 /* ReactiveAPITokenAuthenticatorTests.swift in Sources */,
				D1CD8B6922ABF1AA00324223 /* CacheMock.swift in Sources */,
				D181276B22ABACBC001CA667 /* Resources.swift in Sources */,
				D1996DEB2369DA7D00F25CA6 /* InterceptorMock.swift in Sources */,
				D184127122ABA8C100609847 /* ReactiveAPIProtocolTests.swift in Sources */,
				D1A36F1322A2C181001D9ED5 /* JSONReactiveAPITests.swift in Sources */,
				D1A36F1522A2CD69001D9ED5 /* SessionMock.swift in Sources */,
				D181276F22ABC712001CA667 /* AuthenticatorMock.swift in Sources */,
				D1AF9B09237FF6C2000513F9 /* URLRequestTests.swift in Sources */,
			);
			runOnlyForDeploymentPostprocessing = 0;
		};
		D195F1C422086C8200530339 /* Sources */ = {
			isa = PBXSourcesBuildPhase;
			buildActionMask = 2147483647;
			files = (
				D857D840232FDC6F008170E7 /* URLSession+Rx.swift in Sources */,
				D1942868228F2AFA0071D00C /* URLComponents+QueryParams.swift in Sources */,
				D195F1EF22086DB200530339 /* ReactiveAPIAuthenticator.swift in Sources */,
				D195F1EE22086DB200530339 /* ReactiveAPIHTTPMethod.swift in Sources */,
				D195F1ED22086DB200530339 /* ReactiveAPIProtocol.swift in Sources */,
				D195F1E722086DB200530339 /* URLRequest+ReactiveAPI.swift in Sources */,
				D195F1EC22086DB200530339 /* ReactiveAPICache.swift in Sources */,
				D195F1F122086DB200530339 /* MaxAgeCache.swift in Sources */,
				D869D6B422AFEC6A00BBD3FB /* ReactiveAPITokenAuthenticator.swift in Sources */,
				D195F1E522086DB200530339 /* ReactiveAPIRequestInterceptor.swift in Sources */,
				D195F1E922086DB200530339 /* Encodable+Dictionary.swift in Sources */,
				D195F1E622086DB200530339 /* ReactiveAPI.swift in Sources */,
				D195F1EB22086DB200530339 /* ReactiveAPIError.swift in Sources */,
			);
			runOnlyForDeploymentPostprocessing = 0;
		};
		D820B588237FFA1E00C7B0D3 /* Sources */ = {
			isa = PBXSourcesBuildPhase;
			buildActionMask = 2147483647;
			files = (
				D820B5A4237FFA6000C7B0D3 /* ReactiveFetcher.swift in Sources */,
				25A3A1B1238DC1CA009C70EA /* FailableCodableArray.swift in Sources */,
				D820B5A3237FFA6000C7B0D3 /* LoadingResult.swift in Sources */,
			);
			runOnlyForDeploymentPostprocessing = 0;
		};
		D820B590237FFA1E00C7B0D3 /* Sources */ = {
			isa = PBXSourcesBuildPhase;
			buildActionMask = 2147483647;
			files = (
				D820B5A6237FFA7700C7B0D3 /* LoadingResultTests.swift in Sources */,
				25A3A1B3238DC1F4009C70EA /* FailableCodableArrayTests.swift in Sources */,
				D820B5A5237FFA7700C7B0D3 /* ReactiveFetcherTests.swift in Sources */,
			);
			runOnlyForDeploymentPostprocessing = 0;
		};
/* End PBXSourcesBuildPhase section */

/* Begin PBXTargetDependency section */
		D16432FC22873CB700C0F780 /* PBXTargetDependency */ = {
			isa = PBXTargetDependency;
			target = D195F1C722086C8200530339 /* ReactiveAPI */;
			targetProxy = D16432FB22873CB700C0F780 /* PBXContainerItemProxy */;
		};
		D820B597237FFA1E00C7B0D3 /* PBXTargetDependency */ = {
			isa = PBXTargetDependency;
			target = D820B58B237FFA1E00C7B0D3 /* ReactiveAPIExt */;
			targetProxy = D820B596237FFA1E00C7B0D3 /* PBXContainerItemProxy */;
		};
/* End PBXTargetDependency section */

/* Begin XCBuildConfiguration section */
		D16432FD22873CB700C0F780 /* Debug */ = {
			isa = XCBuildConfiguration;
			buildSettings = {
				CODE_SIGN_STYLE = Automatic;
				DEVELOPMENT_TEAM = 64346Y5J98;
				FRAMEWORK_SEARCH_PATHS = (
					"$(inherited)",
					"$(PROJECT_DIR)/Carthage/Build/iOS",
				);
				INFOPLIST_FILE = ReactiveAPITests/Info.plist;
				IPHONEOS_DEPLOYMENT_TARGET = 12.2;
				LD_RUNPATH_SEARCH_PATHS = (
					"$(inherited)",
					"@executable_path/Frameworks",
					"@loader_path/Frameworks",
				);
				PRODUCT_BUNDLE_IDENTIFIER = it.sky.ReactiveAPITests;
				PRODUCT_NAME = "$(TARGET_NAME)";
				SWIFT_VERSION = 5.0;
				TARGETED_DEVICE_FAMILY = "1,2";
			};
			name = Debug;
		};
		D16432FE22873CB700C0F780 /* Release */ = {
			isa = XCBuildConfiguration;
			buildSettings = {
				CODE_SIGN_STYLE = Automatic;
				DEVELOPMENT_TEAM = 64346Y5J98;
				FRAMEWORK_SEARCH_PATHS = (
					"$(inherited)",
					"$(PROJECT_DIR)/Carthage/Build/iOS",
				);
				INFOPLIST_FILE = ReactiveAPITests/Info.plist;
				IPHONEOS_DEPLOYMENT_TARGET = 12.2;
				LD_RUNPATH_SEARCH_PATHS = (
					"$(inherited)",
					"@executable_path/Frameworks",
					"@loader_path/Frameworks",
				);
				PRODUCT_BUNDLE_IDENTIFIER = it.sky.ReactiveAPITests;
				PRODUCT_NAME = "$(TARGET_NAME)";
				SWIFT_VERSION = 5.0;
				TARGETED_DEVICE_FAMILY = "1,2";
			};
			name = Release;
		};
		D195F1CE22086C8200530339 /* Debug */ = {
			isa = XCBuildConfiguration;
			buildSettings = {
				ALWAYS_SEARCH_USER_PATHS = NO;
				CLANG_ANALYZER_NONNULL = YES;
				CLANG_ANALYZER_NUMBER_OBJECT_CONVERSION = YES_AGGRESSIVE;
				CLANG_CXX_LANGUAGE_STANDARD = "gnu++14";
				CLANG_CXX_LIBRARY = "libc++";
				CLANG_ENABLE_MODULES = YES;
				CLANG_ENABLE_OBJC_ARC = YES;
				CLANG_ENABLE_OBJC_WEAK = YES;
				CLANG_WARN_BLOCK_CAPTURE_AUTORELEASING = YES;
				CLANG_WARN_BOOL_CONVERSION = YES;
				CLANG_WARN_COMMA = YES;
				CLANG_WARN_CONSTANT_CONVERSION = YES;
				CLANG_WARN_DEPRECATED_OBJC_IMPLEMENTATIONS = YES;
				CLANG_WARN_DIRECT_OBJC_ISA_USAGE = YES_ERROR;
				CLANG_WARN_DOCUMENTATION_COMMENTS = YES;
				CLANG_WARN_EMPTY_BODY = YES;
				CLANG_WARN_ENUM_CONVERSION = YES;
				CLANG_WARN_INFINITE_RECURSION = YES;
				CLANG_WARN_INT_CONVERSION = YES;
				CLANG_WARN_NON_LITERAL_NULL_CONVERSION = YES;
				CLANG_WARN_OBJC_IMPLICIT_RETAIN_SELF = YES;
				CLANG_WARN_OBJC_LITERAL_CONVERSION = YES;
				CLANG_WARN_OBJC_ROOT_CLASS = YES_ERROR;
				CLANG_WARN_RANGE_LOOP_ANALYSIS = YES;
				CLANG_WARN_STRICT_PROTOTYPES = YES;
				CLANG_WARN_SUSPICIOUS_MOVE = YES;
				CLANG_WARN_UNGUARDED_AVAILABILITY = YES_AGGRESSIVE;
				CLANG_WARN_UNREACHABLE_CODE = YES;
				CLANG_WARN__DUPLICATE_METHOD_MATCH = YES;
				CODE_SIGN_IDENTITY = "iPhone Developer";
				COPY_PHASE_STRIP = NO;
				CURRENT_PROJECT_VERSION = 1;
				DEBUG_INFORMATION_FORMAT = dwarf;
				ENABLE_STRICT_OBJC_MSGSEND = YES;
				ENABLE_TESTABILITY = YES;
				GCC_C_LANGUAGE_STANDARD = gnu11;
				GCC_DYNAMIC_NO_PIC = NO;
				GCC_NO_COMMON_BLOCKS = YES;
				GCC_OPTIMIZATION_LEVEL = 0;
				GCC_PREPROCESSOR_DEFINITIONS = (
					"DEBUG=1",
					"$(inherited)",
				);
				GCC_WARN_64_TO_32_BIT_CONVERSION = YES;
				GCC_WARN_ABOUT_RETURN_TYPE = YES_ERROR;
				GCC_WARN_UNDECLARED_SELECTOR = YES;
				GCC_WARN_UNINITIALIZED_AUTOS = YES_AGGRESSIVE;
				GCC_WARN_UNUSED_FUNCTION = YES;
				GCC_WARN_UNUSED_VARIABLE = YES;
				IPHONEOS_DEPLOYMENT_TARGET = 11.4;
				MTL_ENABLE_DEBUG_INFO = INCLUDE_SOURCE;
				MTL_FAST_MATH = YES;
				ONLY_ACTIVE_ARCH = YES;
				SDKROOT = iphoneos;
				SWIFT_ACTIVE_COMPILATION_CONDITIONS = DEBUG;
				SWIFT_OPTIMIZATION_LEVEL = "-Onone";
				VERSIONING_SYSTEM = "apple-generic";
				VERSION_INFO_PREFIX = "";
			};
			name = Debug;
		};
		D195F1CF22086C8200530339 /* Release */ = {
			isa = XCBuildConfiguration;
			buildSettings = {
				ALWAYS_SEARCH_USER_PATHS = NO;
				CLANG_ANALYZER_NONNULL = YES;
				CLANG_ANALYZER_NUMBER_OBJECT_CONVERSION = YES_AGGRESSIVE;
				CLANG_CXX_LANGUAGE_STANDARD = "gnu++14";
				CLANG_CXX_LIBRARY = "libc++";
				CLANG_ENABLE_MODULES = YES;
				CLANG_ENABLE_OBJC_ARC = YES;
				CLANG_ENABLE_OBJC_WEAK = YES;
				CLANG_WARN_BLOCK_CAPTURE_AUTORELEASING = YES;
				CLANG_WARN_BOOL_CONVERSION = YES;
				CLANG_WARN_COMMA = YES;
				CLANG_WARN_CONSTANT_CONVERSION = YES;
				CLANG_WARN_DEPRECATED_OBJC_IMPLEMENTATIONS = YES;
				CLANG_WARN_DIRECT_OBJC_ISA_USAGE = YES_ERROR;
				CLANG_WARN_DOCUMENTATION_COMMENTS = YES;
				CLANG_WARN_EMPTY_BODY = YES;
				CLANG_WARN_ENUM_CONVERSION = YES;
				CLANG_WARN_INFINITE_RECURSION = YES;
				CLANG_WARN_INT_CONVERSION = YES;
				CLANG_WARN_NON_LITERAL_NULL_CONVERSION = YES;
				CLANG_WARN_OBJC_IMPLICIT_RETAIN_SELF = YES;
				CLANG_WARN_OBJC_LITERAL_CONVERSION = YES;
				CLANG_WARN_OBJC_ROOT_CLASS = YES_ERROR;
				CLANG_WARN_RANGE_LOOP_ANALYSIS = YES;
				CLANG_WARN_STRICT_PROTOTYPES = YES;
				CLANG_WARN_SUSPICIOUS_MOVE = YES;
				CLANG_WARN_UNGUARDED_AVAILABILITY = YES_AGGRESSIVE;
				CLANG_WARN_UNREACHABLE_CODE = YES;
				CLANG_WARN__DUPLICATE_METHOD_MATCH = YES;
				CODE_SIGN_IDENTITY = "iPhone Developer";
				COPY_PHASE_STRIP = NO;
				CURRENT_PROJECT_VERSION = 1;
				DEBUG_INFORMATION_FORMAT = "dwarf-with-dsym";
				ENABLE_NS_ASSERTIONS = NO;
				ENABLE_STRICT_OBJC_MSGSEND = YES;
				GCC_C_LANGUAGE_STANDARD = gnu11;
				GCC_NO_COMMON_BLOCKS = YES;
				GCC_WARN_64_TO_32_BIT_CONVERSION = YES;
				GCC_WARN_ABOUT_RETURN_TYPE = YES_ERROR;
				GCC_WARN_UNDECLARED_SELECTOR = YES;
				GCC_WARN_UNINITIALIZED_AUTOS = YES_AGGRESSIVE;
				GCC_WARN_UNUSED_FUNCTION = YES;
				GCC_WARN_UNUSED_VARIABLE = YES;
				IPHONEOS_DEPLOYMENT_TARGET = 11.4;
				MTL_ENABLE_DEBUG_INFO = NO;
				MTL_FAST_MATH = YES;
				SDKROOT = iphoneos;
				SWIFT_COMPILATION_MODE = wholemodule;
				SWIFT_OPTIMIZATION_LEVEL = "-O";
				VALIDATE_PRODUCT = YES;
				VERSIONING_SYSTEM = "apple-generic";
				VERSION_INFO_PREFIX = "";
			};
			name = Release;
		};
		D195F1D122086C8200530339 /* Debug */ = {
			isa = XCBuildConfiguration;
			buildSettings = {
				CLANG_ENABLE_MODULES = YES;
				CODE_SIGN_IDENTITY = "";
				CODE_SIGN_STYLE = Automatic;
				DEFINES_MODULE = YES;
				DEVELOPMENT_TEAM = 64346Y5J98;
				DYLIB_COMPATIBILITY_VERSION = 1;
				DYLIB_CURRENT_VERSION = 1;
				DYLIB_INSTALL_NAME_BASE = "@rpath";
				FRAMEWORK_SEARCH_PATHS = (
					"$(inherited)",
					"$(PROJECT_DIR)/Carthage/Build/iOS",
				);
				INFOPLIST_FILE = ReactiveAPI/Info.plist;
				INSTALL_PATH = "$(LOCAL_LIBRARY_DIR)/Frameworks";
				LD_RUNPATH_SEARCH_PATHS = (
					"$(inherited)",
					"@executable_path/Frameworks",
					"@loader_path/Frameworks",
				);
				MARKETING_VERSION = 1.10.0;
				PRODUCT_BUNDLE_IDENTIFIER = it.sky.ReactiveAPI;
				PRODUCT_NAME = "$(TARGET_NAME:c99extidentifier)";
				SKIP_INSTALL = YES;
				SWIFT_OPTIMIZATION_LEVEL = "-Onone";
				SWIFT_VERSION = 5.0;
				TARGETED_DEVICE_FAMILY = "1,2";
			};
			name = Debug;
		};
		D195F1D222086C8200530339 /* Release */ = {
			isa = XCBuildConfiguration;
			buildSettings = {
				CLANG_ENABLE_MODULES = YES;
				CODE_SIGN_IDENTITY = "";
				CODE_SIGN_STYLE = Automatic;
				DEFINES_MODULE = YES;
				DEVELOPMENT_TEAM = 64346Y5J98;
				DYLIB_COMPATIBILITY_VERSION = 1;
				DYLIB_CURRENT_VERSION = 1;
				DYLIB_INSTALL_NAME_BASE = "@rpath";
				FRAMEWORK_SEARCH_PATHS = (
					"$(inherited)",
					"$(PROJECT_DIR)/Carthage/Build/iOS",
				);
				INFOPLIST_FILE = ReactiveAPI/Info.plist;
				INSTALL_PATH = "$(LOCAL_LIBRARY_DIR)/Frameworks";
				LD_RUNPATH_SEARCH_PATHS = (
					"$(inherited)",
					"@executable_path/Frameworks",
					"@loader_path/Frameworks",
				);
				MARKETING_VERSION = 1.10.0;
				PRODUCT_BUNDLE_IDENTIFIER = it.sky.ReactiveAPI;
				PRODUCT_NAME = "$(TARGET_NAME:c99extidentifier)";
				SKIP_INSTALL = YES;
				SWIFT_VERSION = 5.0;
				TARGETED_DEVICE_FAMILY = "1,2";
			};
			name = Release;
		};
		D820B59D237FFA1E00C7B0D3 /* Debug */ = {
			isa = XCBuildConfiguration;
			buildSettings = {
				CODE_SIGN_STYLE = Automatic;
				DEFINES_MODULE = YES;
				DEVELOPMENT_TEAM = 64346Y5J98;
				DYLIB_COMPATIBILITY_VERSION = 1;
				DYLIB_CURRENT_VERSION = 1;
				DYLIB_INSTALL_NAME_BASE = "@rpath";
				FRAMEWORK_SEARCH_PATHS = (
					"$(inherited)",
					"$(PROJECT_DIR)/Carthage/Build/iOS",
				);
				INFOPLIST_FILE = ReactiveAPIExt/Info.plist;
				INSTALL_PATH = "$(LOCAL_LIBRARY_DIR)/Frameworks";
				LD_RUNPATH_SEARCH_PATHS = (
					"$(inherited)",
					"@executable_path/Frameworks",
					"@loader_path/Frameworks",
				);
				MARKETING_VERSION = 1.9.2;
				PRODUCT_BUNDLE_IDENTIFIER = it.sky.ReactiveAPIExt;
				PRODUCT_NAME = "$(TARGET_NAME:c99extidentifier)";
				SKIP_INSTALL = YES;
				SWIFT_VERSION = 5.0;
				TARGETED_DEVICE_FAMILY = "1,2";
			};
			name = Debug;
		};
		D820B59E237FFA1E00C7B0D3 /* Release */ = {
			isa = XCBuildConfiguration;
			buildSettings = {
				CODE_SIGN_STYLE = Automatic;
				DEFINES_MODULE = YES;
				DEVELOPMENT_TEAM = 64346Y5J98;
				DYLIB_COMPATIBILITY_VERSION = 1;
				DYLIB_CURRENT_VERSION = 1;
				DYLIB_INSTALL_NAME_BASE = "@rpath";
				FRAMEWORK_SEARCH_PATHS = (
					"$(inherited)",
					"$(PROJECT_DIR)/Carthage/Build/iOS",
				);
				INFOPLIST_FILE = ReactiveAPIExt/Info.plist;
				INSTALL_PATH = "$(LOCAL_LIBRARY_DIR)/Frameworks";
				LD_RUNPATH_SEARCH_PATHS = (
					"$(inherited)",
					"@executable_path/Frameworks",
					"@loader_path/Frameworks",
				);
				MARKETING_VERSION = 1.9.2;
				PRODUCT_BUNDLE_IDENTIFIER = it.sky.ReactiveAPIExt;
				PRODUCT_NAME = "$(TARGET_NAME:c99extidentifier)";
				SKIP_INSTALL = YES;
				SWIFT_VERSION = 5.0;
				TARGETED_DEVICE_FAMILY = "1,2";
			};
			name = Release;
		};
		D820B59F237FFA1E00C7B0D3 /* Debug */ = {
			isa = XCBuildConfiguration;
			buildSettings = {
				ALWAYS_EMBED_SWIFT_STANDARD_LIBRARIES = YES;
				CODE_SIGN_STYLE = Automatic;
				DEVELOPMENT_TEAM = 64346Y5J98;
				FRAMEWORK_SEARCH_PATHS = (
					"$(inherited)",
					"$(PROJECT_DIR)/Carthage/Build/iOS",
				);
				INFOPLIST_FILE = ReactiveAPIExtTests/Info.plist;
				IPHONEOS_DEPLOYMENT_TARGET = 13.2;
				LD_RUNPATH_SEARCH_PATHS = (
					"$(inherited)",
					"@executable_path/Frameworks",
					"@loader_path/Frameworks",
				);
				PRODUCT_BUNDLE_IDENTIFIER = it.sky.ReactiveAPIExtTests;
				PRODUCT_NAME = "$(TARGET_NAME)";
				SWIFT_VERSION = 5.0;
				TARGETED_DEVICE_FAMILY = "1,2";
			};
			name = Debug;
		};
		D820B5A0237FFA1E00C7B0D3 /* Release */ = {
			isa = XCBuildConfiguration;
			buildSettings = {
				ALWAYS_EMBED_SWIFT_STANDARD_LIBRARIES = YES;
				CODE_SIGN_STYLE = Automatic;
				DEVELOPMENT_TEAM = 64346Y5J98;
				FRAMEWORK_SEARCH_PATHS = (
					"$(inherited)",
					"$(PROJECT_DIR)/Carthage/Build/iOS",
				);
				INFOPLIST_FILE = ReactiveAPIExtTests/Info.plist;
				IPHONEOS_DEPLOYMENT_TARGET = 13.2;
				LD_RUNPATH_SEARCH_PATHS = (
					"$(inherited)",
					"@executable_path/Frameworks",
					"@loader_path/Frameworks",
				);
				PRODUCT_BUNDLE_IDENTIFIER = it.sky.ReactiveAPIExtTests;
				PRODUCT_NAME = "$(TARGET_NAME)";
				SWIFT_VERSION = 5.0;
				TARGETED_DEVICE_FAMILY = "1,2";
			};
			name = Release;
		};
/* End XCBuildConfiguration section */

/* Begin XCConfigurationList section */
		D16432FF22873CB700C0F780 /* Build configuration list for PBXNativeTarget "ReactiveAPITests" */ = {
			isa = XCConfigurationList;
			buildConfigurations = (
				D16432FD22873CB700C0F780 /* Debug */,
				D16432FE22873CB700C0F780 /* Release */,
			);
			defaultConfigurationIsVisible = 0;
			defaultConfigurationName = Release;
		};
		D195F1C222086C8200530339 /* Build configuration list for PBXProject "ReactiveAPI" */ = {
			isa = XCConfigurationList;
			buildConfigurations = (
				D195F1CE22086C8200530339 /* Debug */,
				D195F1CF22086C8200530339 /* Release */,
			);
			defaultConfigurationIsVisible = 0;
			defaultConfigurationName = Release;
		};
		D195F1D022086C8200530339 /* Build configuration list for PBXNativeTarget "ReactiveAPI" */ = {
			isa = XCConfigurationList;
			buildConfigurations = (
				D195F1D122086C8200530339 /* Debug */,
				D195F1D222086C8200530339 /* Release */,
			);
			defaultConfigurationIsVisible = 0;
			defaultConfigurationName = Release;
		};
		D820B5A1237FFA1E00C7B0D3 /* Build configuration list for PBXNativeTarget "ReactiveAPIExt" */ = {
			isa = XCConfigurationList;
			buildConfigurations = (
				D820B59D237FFA1E00C7B0D3 /* Debug */,
				D820B59E237FFA1E00C7B0D3 /* Release */,
			);
			defaultConfigurationIsVisible = 0;
			defaultConfigurationName = Release;
		};
		D820B5A2237FFA1E00C7B0D3 /* Build configuration list for PBXNativeTarget "ReactiveAPIExtTests" */ = {
			isa = XCConfigurationList;
			buildConfigurations = (
				D820B59F237FFA1E00C7B0D3 /* Debug */,
				D820B5A0237FFA1E00C7B0D3 /* Release */,
			);
			defaultConfigurationIsVisible = 0;
			defaultConfigurationName = Release;
		};
/* End XCConfigurationList section */
	};
	rootObject = D195F1BF22086C8200530339 /* Project object */;
}
