// !$*UTF8*$!
{
	archiveVersion = 1;
	classes = {
	};
	objectVersion = 50;
	objects = {

/* Begin PBXBuildFile section */
		D869D6AE22AFBBFC00BBD3FB /* RxRelay.framework in Frameworks */ = {isa = PBXBuildFile; fileRef = D869D6AD22AFBBFC00BBD3FB /* RxRelay.framework */; };
		D869D6B022AFBD3F00BBD3FB /* netfox_ios.framework in Frameworks */ = {isa = PBXBuildFile; fileRef = D869D6AF22AFBD3F00BBD3FB /* netfox_ios.framework */; };
		D89C908C22818C7900995D97 /* AppDelegate.swift in Sources */ = {isa = PBXBuildFile; fileRef = D89C908B22818C7900995D97 /* AppDelegate.swift */; };
		D89C908E22818C7900995D97 /* ViewController.swift in Sources */ = {isa = PBXBuildFile; fileRef = D89C908D22818C7900995D97 /* ViewController.swift */; };
		D89C909322818C7A00995D97 /* Assets.xcassets in Resources */ = {isa = PBXBuildFile; fileRef = D89C909222818C7A00995D97 /* Assets.xcassets */; };
		D89C909622818C7A00995D97 /* LaunchScreen.storyboard in Resources */ = {isa = PBXBuildFile; fileRef = D89C909422818C7A00995D97 /* LaunchScreen.storyboard */; };
		D89C90A122818C7A00995D97 /* Demo401Tests.swift in Sources */ = {isa = PBXBuildFile; fileRef = D89C90A022818C7A00995D97 /* Demo401Tests.swift */; };
		D89C90AC22818C7A00995D97 /* Demo401UITests.swift in Sources */ = {isa = PBXBuildFile; fileRef = D89C90AB22818C7A00995D97 /* Demo401UITests.swift */; };
		D89C90BA22818EC700995D97 /* UIStackView+.swift in Sources */ = {isa = PBXBuildFile; fileRef = D89C90B922818EC700995D97 /* UIStackView+.swift */; };
		D89C90BF2281916900995D97 /* RxCocoa.framework in Frameworks */ = {isa = PBXBuildFile; fileRef = D89C90BC2281916900995D97 /* RxCocoa.framework */; };
		D89C90C02281916900995D97 /* ReactiveAPI.framework in Frameworks */ = {isa = PBXBuildFile; fileRef = D89C90BD2281916900995D97 /* ReactiveAPI.framework */; };
		D89C90C12281916900995D97 /* RxSwift.framework in Frameworks */ = {isa = PBXBuildFile; fileRef = D89C90BE2281916900995D97 /* RxSwift.framework */; };
		D89C90C7228192DA00995D97 /* TokenPair.swift in Sources */ = {isa = PBXBuildFile; fileRef = D89C90C6228192DA00995D97 /* TokenPair.swift */; };
		D89C90CA2281931700995D97 /* AuthAPI.swift in Sources */ = {isa = PBXBuildFile; fileRef = D89C90C92281931700995D97 /* AuthAPI.swift */; };
		D89C90CC2281935400995D97 /* TokenStorage.swift in Sources */ = {isa = PBXBuildFile; fileRef = D89C90CB2281935400995D97 /* TokenStorage.swift */; };
		D89C90CE2281936D00995D97 /* AuthClientInterceptor.swift in Sources */ = {isa = PBXBuildFile; fileRef = D89C90CD2281936C00995D97 /* AuthClientInterceptor.swift */; };
		D89C90D2228193BC00995D97 /* AuthClient.swift in Sources */ = {isa = PBXBuildFile; fileRef = D89C90D1228193BC00995D97 /* AuthClient.swift */; };
		D89C90D72281942600995D97 /* Version.swift in Sources */ = {isa = PBXBuildFile; fileRef = D89C90D62281942600995D97 /* Version.swift */; };
		D89C90D92281944500995D97 /* BackendAPI.swift in Sources */ = {isa = PBXBuildFile; fileRef = D89C90D82281944500995D97 /* BackendAPI.swift */; };
		D89C90DB228194C800995D97 /* Services.swift in Sources */ = {isa = PBXBuildFile; fileRef = D89C90DA228194C800995D97 /* Services.swift */; };
/* End PBXBuildFile section */

/* Begin PBXContainerItemProxy section */
		D89C909D22818C7A00995D97 /* PBXContainerItemProxy */ = {
			isa = PBXContainerItemProxy;
			containerPortal = D89C908022818C7900995D97 /* Project object */;
			proxyType = 1;
			remoteGlobalIDString = D89C908722818C7900995D97;
			remoteInfo = Demo401;
		};
		D89C90A822818C7A00995D97 /* PBXContainerItemProxy */ = {
			isa = PBXContainerItemProxy;
			containerPortal = D89C908022818C7900995D97 /* Project object */;
			proxyType = 1;
			remoteGlobalIDString = D89C908722818C7900995D97;
			remoteInfo = Demo401;
		};
/* End PBXContainerItemProxy section */

/* Begin PBXFileReference section */
		D869D6AD22AFBBFC00BBD3FB /* RxRelay.framework */ = {isa = PBXFileReference; lastKnownFileType = wrapper.framework; name = RxRelay.framework; path = Carthage/Build/iOS/RxRelay.framework; sourceTree = "<group>"; };
		D869D6AF22AFBD3F00BBD3FB /* netfox_ios.framework */ = {isa = PBXFileReference; lastKnownFileType = wrapper.framework; name = netfox_ios.framework; path = Carthage/Build/iOS/netfox_ios.framework; sourceTree = "<group>"; };
		D89C908822818C7900995D97 /* Demo401.app */ = {isa = PBXFileReference; explicitFileType = wrapper.application; includeInIndex = 0; path = Demo401.app; sourceTree = BUILT_PRODUCTS_DIR; };
		D89C908B22818C7900995D97 /* AppDelegate.swift */ = {isa = PBXFileReference; lastKnownFileType = sourcecode.swift; path = AppDelegate.swift; sourceTree = "<group>"; };
		D89C908D22818C7900995D97 /* ViewController.swift */ = {isa = PBXFileReference; lastKnownFileType = sourcecode.swift; path = ViewController.swift; sourceTree = "<group>"; };
		D89C909222818C7A00995D97 /* Assets.xcassets */ = {isa = PBXFileReference; lastKnownFileType = folder.assetcatalog; path = Assets.xcassets; sourceTree = "<group>"; };
		D89C909522818C7A00995D97 /* Base */ = {isa = PBXFileReference; lastKnownFileType = file.storyboard; name = Base; path = Base.lproj/LaunchScreen.storyboard; sourceTree = "<group>"; };
		D89C909722818C7A00995D97 /* Info.plist */ = {isa = PBXFileReference; lastKnownFileType = text.plist.xml; path = Info.plist; sourceTree = "<group>"; };
		D89C909C22818C7A00995D97 /* Demo401Tests.xctest */ = {isa = PBXFileReference; explicitFileType = wrapper.cfbundle; includeInIndex = 0; path = Demo401Tests.xctest; sourceTree = BUILT_PRODUCTS_DIR; };
		D89C90A022818C7A00995D97 /* Demo401Tests.swift */ = {isa = PBXFileReference; lastKnownFileType = sourcecode.swift; path = Demo401Tests.swift; sourceTree = "<group>"; };
		D89C90A222818C7A00995D97 /* Info.plist */ = {isa = PBXFileReference; lastKnownFileType = text.plist.xml; path = Info.plist; sourceTree = "<group>"; };
		D89C90A722818C7A00995D97 /* Demo401UITests.xctest */ = {isa = PBXFileReference; explicitFileType = wrapper.cfbundle; includeInIndex = 0; path = Demo401UITests.xctest; sourceTree = BUILT_PRODUCTS_DIR; };
		D89C90AB22818C7A00995D97 /* Demo401UITests.swift */ = {isa = PBXFileReference; lastKnownFileType = sourcecode.swift; path = Demo401UITests.swift; sourceTree = "<group>"; };
		D89C90AD22818C7A00995D97 /* Info.plist */ = {isa = PBXFileReference; lastKnownFileType = text.plist.xml; path = Info.plist; sourceTree = "<group>"; };
		D89C90B922818EC700995D97 /* UIStackView+.swift */ = {isa = PBXFileReference; lastKnownFileType = sourcecode.swift; path = "UIStackView+.swift"; sourceTree = "<group>"; };
		D89C90BC2281916900995D97 /* RxCocoa.framework */ = {isa = PBXFileReference; lastKnownFileType = wrapper.framework; name = RxCocoa.framework; path = Carthage/Build/iOS/RxCocoa.framework; sourceTree = "<group>"; };
		D89C90BD2281916900995D97 /* ReactiveAPI.framework */ = {isa = PBXFileReference; lastKnownFileType = wrapper.framework; name = ReactiveAPI.framework; path = Carthage/Build/iOS/ReactiveAPI.framework; sourceTree = "<group>"; };
		D89C90BE2281916900995D97 /* RxSwift.framework */ = {isa = PBXFileReference; lastKnownFileType = wrapper.framework; name = RxSwift.framework; path = Carthage/Build/iOS/RxSwift.framework; sourceTree = "<group>"; };
		D89C90C6228192DA00995D97 /* TokenPair.swift */ = {isa = PBXFileReference; lastKnownFileType = sourcecode.swift; path = TokenPair.swift; sourceTree = "<group>"; };
		D89C90C92281931700995D97 /* AuthAPI.swift */ = {isa = PBXFileReference; lastKnownFileType = sourcecode.swift; path = AuthAPI.swift; sourceTree = "<group>"; };
		D89C90CB2281935400995D97 /* TokenStorage.swift */ = {isa = PBXFileReference; lastKnownFileType = sourcecode.swift; path = TokenStorage.swift; sourceTree = "<group>"; };
		D89C90CD2281936C00995D97 /* AuthClientInterceptor.swift */ = {isa = PBXFileReference; lastKnownFileType = sourcecode.swift; path = AuthClientInterceptor.swift; sourceTree = "<group>"; };
		D89C90D1228193BC00995D97 /* AuthClient.swift */ = {isa = PBXFileReference; lastKnownFileType = sourcecode.swift; path = AuthClient.swift; sourceTree = "<group>"; };
		D89C90D62281942600995D97 /* Version.swift */ = {isa = PBXFileReference; lastKnownFileType = sourcecode.swift; path = Version.swift; sourceTree = "<group>"; };
		D89C90D82281944500995D97 /* BackendAPI.swift */ = {isa = PBXFileReference; lastKnownFileType = sourcecode.swift; path = BackendAPI.swift; sourceTree = "<group>"; };
		D89C90DA228194C800995D97 /* Services.swift */ = {isa = PBXFileReference; lastKnownFileType = sourcecode.swift; path = Services.swift; sourceTree = "<group>"; };
/* End PBXFileReference section */

/* Begin PBXFrameworksBuildPhase section */
		D89C908522818C7900995D97 /* Frameworks */ = {
			isa = PBXFrameworksBuildPhase;
			buildActionMask = 2147483647;
			files = (
				D89C90BF2281916900995D97 /* RxCocoa.framework in Frameworks */,
				D89C90C02281916900995D97 /* ReactiveAPI.framework in Frameworks */,
				D869D6AE22AFBBFC00BBD3FB /* RxRelay.framework in Frameworks */,
				D89C90C12281916900995D97 /* RxSwift.framework in Frameworks */,
				D869D6B022AFBD3F00BBD3FB /* netfox_ios.framework in Frameworks */,
			);
			runOnlyForDeploymentPostprocessing = 0;
		};
		D89C909922818C7A00995D97 /* Frameworks */ = {
			isa = PBXFrameworksBuildPhase;
			buildActionMask = 2147483647;
			files = (
			);
			runOnlyForDeploymentPostprocessing = 0;
		};
		D89C90A422818C7A00995D97 /* Frameworks */ = {
			isa = PBXFrameworksBuildPhase;
			buildActionMask = 2147483647;
			files = (
			);
			runOnlyForDeploymentPostprocessing = 0;
		};
/* End PBXFrameworksBuildPhase section */

/* Begin PBXGroup section */
		D89C907F22818C7900995D97 = {
			isa = PBXGroup;
			children = (
				D89C908A22818C7900995D97 /* Demo401 */,
				D89C909F22818C7A00995D97 /* Demo401Tests */,
				D89C90AA22818C7A00995D97 /* Demo401UITests */,
				D89C908922818C7900995D97 /* Products */,
				D89C90BB2281916900995D97 /* Frameworks */,
			);
			sourceTree = "<group>";
		};
		D89C908922818C7900995D97 /* Products */ = {
			isa = PBXGroup;
			children = (
				D89C908822818C7900995D97 /* Demo401.app */,
				D89C909C22818C7A00995D97 /* Demo401Tests.xctest */,
				D89C90A722818C7A00995D97 /* Demo401UITests.xctest */,
			);
			name = Products;
			sourceTree = "<group>";
		};
		D89C908A22818C7900995D97 /* Demo401 */ = {
			isa = PBXGroup;
			children = (
				D89C909722818C7A00995D97 /* Info.plist */,
				D89C908B22818C7900995D97 /* AppDelegate.swift */,
				D89C90B922818EC700995D97 /* UIStackView+.swift */,
				D89C908D22818C7900995D97 /* ViewController.swift */,
				D89C909222818C7A00995D97 /* Assets.xcassets */,
				D89C909422818C7A00995D97 /* LaunchScreen.storyboard */,
				D89C90C32281929300995D97 /* Network */,
			);
			path = Demo401;
			sourceTree = "<group>";
		};
		D89C909F22818C7A00995D97 /* Demo401Tests */ = {
			isa = PBXGroup;
			children = (
				D89C90A022818C7A00995D97 /* Demo401Tests.swift */,
				D89C90A222818C7A00995D97 /* Info.plist */,
			);
			path = Demo401Tests;
			sourceTree = "<group>";
		};
		D89C90AA22818C7A00995D97 /* Demo401UITests */ = {
			isa = PBXGroup;
			children = (
				D89C90AB22818C7A00995D97 /* Demo401UITests.swift */,
				D89C90AD22818C7A00995D97 /* Info.plist */,
			);
			path = Demo401UITests;
			sourceTree = "<group>";
		};
		D89C90BB2281916900995D97 /* Frameworks */ = {
			isa = PBXGroup;
			children = (
				D869D6AF22AFBD3F00BBD3FB /* netfox_ios.framework */,
				D869D6AD22AFBBFC00BBD3FB /* RxRelay.framework */,
				D89C90BD2281916900995D97 /* ReactiveAPI.framework */,
				D89C90BC2281916900995D97 /* RxCocoa.framework */,
				D89C90BE2281916900995D97 /* RxSwift.framework */,
			);
			name = Frameworks;
			sourceTree = "<group>";
		};
		D89C90C32281929300995D97 /* Network */ = {
			isa = PBXGroup;
			children = (
				D89C90DA228194C800995D97 /* Services.swift */,
				D89C90C4228192B100995D97 /* Auth */,
				D89C90D3228193E600995D97 /* Backend */,
			);
			path = Network;
			sourceTree = "<group>";
		};
		D89C90C4228192B100995D97 /* Auth */ = {
			isa = PBXGroup;
			children = (
				D89C90D1228193BC00995D97 /* AuthClient.swift */,
				D89C90CD2281936C00995D97 /* AuthClientInterceptor.swift */,
				D89C90CB2281935400995D97 /* TokenStorage.swift */,
				D89C90C8228192F900995D97 /* APIs */,
				D89C90C5228192CB00995D97 /* Models */,
			);
			path = Auth;
			sourceTree = "<group>";
		};
		D89C90C5228192CB00995D97 /* Models */ = {
			isa = PBXGroup;
			children = (
				D89C90C6228192DA00995D97 /* TokenPair.swift */,
			);
			path = Models;
			sourceTree = "<group>";
		};
		D89C90C8228192F900995D97 /* APIs */ = {
			isa = PBXGroup;
			children = (
				D89C90C92281931700995D97 /* AuthAPI.swift */,
			);
			path = APIs;
			sourceTree = "<group>";
		};
		D89C90D3228193E600995D97 /* Backend */ = {
			isa = PBXGroup;
			children = (
				D89C90D52281940F00995D97 /* APIs */,
				D89C90D42281940700995D97 /* Models */,
			);
			path = Backend;
			sourceTree = "<group>";
		};
		D89C90D42281940700995D97 /* Models */ = {
			isa = PBXGroup;
			children = (
				D89C90D62281942600995D97 /* Version.swift */,
			);
			path = Models;
			sourceTree = "<group>";
		};
		D89C90D52281940F00995D97 /* APIs */ = {
			isa = PBXGroup;
			children = (
				D89C90D82281944500995D97 /* BackendAPI.swift */,
			);
			path = APIs;
			sourceTree = "<group>";
		};
/* End PBXGroup section */

/* Begin PBXNativeTarget section */
		D89C908722818C7900995D97 /* Demo401 */ = {
			isa = PBXNativeTarget;
			buildConfigurationList = D89C90B022818C7A00995D97 /* Build configuration list for PBXNativeTarget "Demo401" */;
			buildPhases = (
				D89C908422818C7900995D97 /* Sources */,
				D89C908522818C7900995D97 /* Frameworks */,
				D89C908622818C7900995D97 /* Resources */,
				D89C90C22281917C00995D97 /* Copy Carthage Frameworks */,
			);
			buildRules = (
			);
			dependencies = (
			);
			name = Demo401;
			productName = Demo401;
			productReference = D89C908822818C7900995D97 /* Demo401.app */;
			productType = "com.apple.product-type.application";
		};
		D89C909B22818C7A00995D97 /* Demo401Tests */ = {
			isa = PBXNativeTarget;
			buildConfigurationList = D89C90B322818C7A00995D97 /* Build configuration list for PBXNativeTarget "Demo401Tests" */;
			buildPhases = (
				D89C909822818C7A00995D97 /* Sources */,
				D89C909922818C7A00995D97 /* Frameworks */,
				D89C909A22818C7A00995D97 /* Resources */,
			);
			buildRules = (
			);
			dependencies = (
				D89C909E22818C7A00995D97 /* PBXTargetDependency */,
			);
			name = Demo401Tests;
			productName = Demo401Tests;
			productReference = D89C909C22818C7A00995D97 /* Demo401Tests.xctest */;
			productType = "com.apple.product-type.bundle.unit-test";
		};
		D89C90A622818C7A00995D97 /* Demo401UITests */ = {
			isa = PBXNativeTarget;
			buildConfigurationList = D89C90B622818C7A00995D97 /* Build configuration list for PBXNativeTarget "Demo401UITests" */;
			buildPhases = (
				D89C90A322818C7A00995D97 /* Sources */,
				D89C90A422818C7A00995D97 /* Frameworks */,
				D89C90A522818C7A00995D97 /* Resources */,
			);
			buildRules = (
			);
			dependencies = (
				D89C90A922818C7A00995D97 /* PBXTargetDependency */,
			);
			name = Demo401UITests;
			productName = Demo401UITests;
			productReference = D89C90A722818C7A00995D97 /* Demo401UITests.xctest */;
			productType = "com.apple.product-type.bundle.ui-testing";
		};
/* End PBXNativeTarget section */

/* Begin PBXProject section */
		D89C908022818C7900995D97 /* Project object */ = {
			isa = PBXProject;
			attributes = {
				LastSwiftUpdateCheck = 1020;
				LastUpgradeCheck = 1020;
				ORGANIZATIONNAME = "Aleksandar Gotev";
				TargetAttributes = {
					D89C908722818C7900995D97 = {
						CreatedOnToolsVersion = 10.2;
					};
					D89C909B22818C7A00995D97 = {
						CreatedOnToolsVersion = 10.2;
						TestTargetID = D89C908722818C7900995D97;
					};
					D89C90A622818C7A00995D97 = {
						CreatedOnToolsVersion = 10.2;
						TestTargetID = D89C908722818C7900995D97;
					};
				};
			};
			buildConfigurationList = D89C908322818C7900995D97 /* Build configuration list for PBXProject "Demo401" */;
			compatibilityVersion = "Xcode 9.3";
			developmentRegion = en;
			hasScannedForEncodings = 0;
			knownRegions = (
				en,
				Base,
			);
			mainGroup = D89C907F22818C7900995D97;
			productRefGroup = D89C908922818C7900995D97 /* Products */;
			projectDirPath = "";
			projectRoot = "";
			targets = (
				D89C908722818C7900995D97 /* Demo401 */,
				D89C909B22818C7A00995D97 /* Demo401Tests */,
				D89C90A622818C7A00995D97 /* Demo401UITests */,
			);
		};
/* End PBXProject section */

/* Begin PBXResourcesBuildPhase section */
		D89C908622818C7900995D97 /* Resources */ = {
			isa = PBXResourcesBuildPhase;
			buildActionMask = 2147483647;
			files = (
				D89C909622818C7A00995D97 /* LaunchScreen.storyboard in Resources */,
				D89C909322818C7A00995D97 /* Assets.xcassets in Resources */,
			);
			runOnlyForDeploymentPostprocessing = 0;
		};
		D89C909A22818C7A00995D97 /* Resources */ = {
			isa = PBXResourcesBuildPhase;
			buildActionMask = 2147483647;
			files = (
			);
			runOnlyForDeploymentPostprocessing = 0;
		};
		D89C90A522818C7A00995D97 /* Resources */ = {
			isa = PBXResourcesBuildPhase;
			buildActionMask = 2147483647;
			files = (
			);
			runOnlyForDeploymentPostprocessing = 0;
		};
/* End PBXResourcesBuildPhase section */

/* Begin PBXShellScriptBuildPhase section */
		D89C90C22281917C00995D97 /* Copy Carthage Frameworks */ = {
			isa = PBXShellScriptBuildPhase;
			buildActionMask = 2147483647;
			files = (
			);
			inputFileListPaths = (
			);
			inputPaths = (
				"$(SRCROOT)/Carthage/Build/iOS/RxSwift.framework",
				"$(SRCROOT)/Carthage/Build/iOS/RxCocoa.framework",
				"$(SRCROOT)/Carthage/Build/iOS/ReactiveAPI.framework",
				"$(SRCROOT)/Carthage/Build/iOS/RxRelay.framework",
				"$(SRCROOT)/Carthage/Build/iOS/netfox_ios.framework",
			);
			name = "Copy Carthage Frameworks";
			outputFileListPaths = (
			);
			outputPaths = (
			);
			runOnlyForDeploymentPostprocessing = 0;
			shellPath = /bin/sh;
			shellScript = "/usr/local/bin/carthage copy-frameworks\n";
		};
/* End PBXShellScriptBuildPhase section */

/* Begin PBXSourcesBuildPhase section */
		D89C908422818C7900995D97 /* Sources */ = {
			isa = PBXSourcesBuildPhase;
			buildActionMask = 2147483647;
			files = (
				D89C90BA22818EC700995D97 /* UIStackView+.swift in Sources */,
				D89C90DB228194C800995D97 /* Services.swift in Sources */,
				D89C90D2228193BC00995D97 /* AuthClient.swift in Sources */,
				D89C90CC2281935400995D97 /* TokenStorage.swift in Sources */,
				D89C90CA2281931700995D97 /* AuthAPI.swift in Sources */,
				D89C90D92281944500995D97 /* BackendAPI.swift in Sources */,
				D89C908E22818C7900995D97 /* ViewController.swift in Sources */,
				D89C90D72281942600995D97 /* Version.swift in Sources */,
				D89C90CE2281936D00995D97 /* AuthClientInterceptor.swift in Sources */,
				D89C908C22818C7900995D97 /* AppDelegate.swift in Sources */,
				D89C90C7228192DA00995D97 /* TokenPair.swift in Sources */,
			);
			runOnlyForDeploymentPostprocessing = 0;
		};
		D89C909822818C7A00995D97 /* Sources */ = {
			isa = PBXSourcesBuildPhase;
			buildActionMask = 2147483647;
			files = (
				D89C90A122818C7A00995D97 /* Demo401Tests.swift in Sources */,
			);
			runOnlyForDeploymentPostprocessing = 0;
		};
		D89C90A322818C7A00995D97 /* Sources */ = {
			isa = PBXSourcesBuildPhase;
			buildActionMask = 2147483647;
			files = (
				D89C90AC22818C7A00995D97 /* Demo401UITests.swift in Sources */,
			);
			runOnlyForDeploymentPostprocessing = 0;
		};
/* End PBXSourcesBuildPhase section */

/* Begin PBXTargetDependency section */
		D89C909E22818C7A00995D97 /* PBXTargetDependency */ = {
			isa = PBXTargetDependency;
			target = D89C908722818C7900995D97 /* Demo401 */;
			targetProxy = D89C909D22818C7A00995D97 /* PBXContainerItemProxy */;
		};
		D89C90A922818C7A00995D97 /* PBXTargetDependency */ = {
			isa = PBXTargetDependency;
			target = D89C908722818C7900995D97 /* Demo401 */;
			targetProxy = D89C90A822818C7A00995D97 /* PBXContainerItemProxy */;
		};
/* End PBXTargetDependency section */

/* Begin PBXVariantGroup section */
		D89C909422818C7A00995D97 /* LaunchScreen.storyboard */ = {
			isa = PBXVariantGroup;
			children = (
				D89C909522818C7A00995D97 /* Base */,
			);
			name = LaunchScreen.storyboard;
			sourceTree = "<group>";
		};
/* End PBXVariantGroup section */

/* Begin XCBuildConfiguration section */
		D89C90AE22818C7A00995D97 /* Debug */ = {
			isa = XCBuildConfiguration;
			buildSettings = {
				ALWAYS_SEARCH_USER_PATHS = NO;
				CLANG_ANALYZER_NONNULL = YES;
				CLANG_ANALYZER_NUMBER_OBJECT_CONVERSION = YES_AGGRESSIVE;
				CLANG_CXX_LANGUAGE_STANDARD = "gnu++14";
				CLANG_CXX_LIBRARY = "libc++";
				CLANG_ENABLE_MODULES = YES;
				CLANG_ENABLE_OBJC_ARC = YES;
				CLANG_ENABLE_OBJC_WEAK = YES;
				CLANG_WARN_BLOCK_CAPTURE_AUTORELEASING = YES;
				CLANG_WARN_BOOL_CONVERSION = YES;
				CLANG_WARN_COMMA = YES;
				CLANG_WARN_CONSTANT_CONVERSION = YES;
				CLANG_WARN_DEPRECATED_OBJC_IMPLEMENTATIONS = YES;
				CLANG_WARN_DIRECT_OBJC_ISA_USAGE = YES_ERROR;
				CLANG_WARN_DOCUMENTATION_COMMENTS = YES;
				CLANG_WARN_EMPTY_BODY = YES;
				CLANG_WARN_ENUM_CONVERSION = YES;
				CLANG_WARN_INFINITE_RECURSION = YES;
				CLANG_WARN_INT_CONVERSION = YES;
				CLANG_WARN_NON_LITERAL_NULL_CONVERSION = YES;
				CLANG_WARN_OBJC_IMPLICIT_RETAIN_SELF = YES;
				CLANG_WARN_OBJC_LITERAL_CONVERSION = YES;
				CLANG_WARN_OBJC_ROOT_CLASS = YES_ERROR;
				CLANG_WARN_RANGE_LOOP_ANALYSIS = YES;
				CLANG_WARN_STRICT_PROTOTYPES = YES;
				CLANG_WARN_SUSPICIOUS_MOVE = YES;
				CLANG_WARN_UNGUARDED_AVAILABILITY = YES_AGGRESSIVE;
				CLANG_WARN_UNREACHABLE_CODE = YES;
				CLANG_WARN__DUPLICATE_METHOD_MATCH = YES;
				CODE_SIGN_IDENTITY = "iPhone Developer";
				COPY_PHASE_STRIP = NO;
				DEBUG_INFORMATION_FORMAT = dwarf;
				ENABLE_STRICT_OBJC_MSGSEND = YES;
				ENABLE_TESTABILITY = YES;
				GCC_C_LANGUAGE_STANDARD = gnu11;
				GCC_DYNAMIC_NO_PIC = NO;
				GCC_NO_COMMON_BLOCKS = YES;
				GCC_OPTIMIZATION_LEVEL = 0;
				GCC_PREPROCESSOR_DEFINITIONS = (
					"DEBUG=1",
					"$(inherited)",
				);
				GCC_WARN_64_TO_32_BIT_CONVERSION = YES;
				GCC_WARN_ABOUT_RETURN_TYPE = YES_ERROR;
				GCC_WARN_UNDECLARED_SELECTOR = YES;
				GCC_WARN_UNINITIALIZED_AUTOS = YES_AGGRESSIVE;
				GCC_WARN_UNUSED_FUNCTION = YES;
				GCC_WARN_UNUSED_VARIABLE = YES;
				IPHONEOS_DEPLOYMENT_TARGET = 12.2;
				MTL_ENABLE_DEBUG_INFO = INCLUDE_SOURCE;
				MTL_FAST_MATH = YES;
				ONLY_ACTIVE_ARCH = YES;
				SDKROOT = iphoneos;
				SWIFT_ACTIVE_COMPILATION_CONDITIONS = DEBUG;
				SWIFT_OPTIMIZATION_LEVEL = "-Onone";
			};
			name = Debug;
		};
		D89C90AF22818C7A00995D97 /* Release */ = {
			isa = XCBuildConfiguration;
			buildSettings = {
				ALWAYS_SEARCH_USER_PATHS = NO;
				CLANG_ANALYZER_NONNULL = YES;
				CLANG_ANALYZER_NUMBER_OBJECT_CONVERSION = YES_AGGRESSIVE;
				CLANG_CXX_LANGUAGE_STANDARD = "gnu++14";
				CLANG_CXX_LIBRARY = "libc++";
				CLANG_ENABLE_MODULES = YES;
				CLANG_ENABLE_OBJC_ARC = YES;
				CLANG_ENABLE_OBJC_WEAK = YES;
				CLANG_WARN_BLOCK_CAPTURE_AUTORELEASING = YES;
				CLANG_WARN_BOOL_CONVERSION = YES;
				CLANG_WARN_COMMA = YES;
				CLANG_WARN_CONSTANT_CONVERSION = YES;
				CLANG_WARN_DEPRECATED_OBJC_IMPLEMENTATIONS = YES;
				CLANG_WARN_DIRECT_OBJC_ISA_USAGE = YES_ERROR;
				CLANG_WARN_DOCUMENTATION_COMMENTS = YES;
				CLANG_WARN_EMPTY_BODY = YES;
				CLANG_WARN_ENUM_CONVERSION = YES;
				CLANG_WARN_INFINITE_RECURSION = YES;
				CLANG_WARN_INT_CONVERSION = YES;
				CLANG_WARN_NON_LITERAL_NULL_CONVERSION = YES;
				CLANG_WARN_OBJC_IMPLICIT_RETAIN_SELF = YES;
				CLANG_WARN_OBJC_LITERAL_CONVERSION = YES;
				CLANG_WARN_OBJC_ROOT_CLASS = YES_ERROR;
				CLANG_WARN_RANGE_LOOP_ANALYSIS = YES;
				CLANG_WARN_STRICT_PROTOTYPES = YES;
				CLANG_WARN_SUSPICIOUS_MOVE = YES;
				CLANG_WARN_UNGUARDED_AVAILABILITY = YES_AGGRESSIVE;
				CLANG_WARN_UNREACHABLE_CODE = YES;
				CLANG_WARN__DUPLICATE_METHOD_MATCH = YES;
				CODE_SIGN_IDENTITY = "iPhone Developer";
				COPY_PHASE_STRIP = NO;
				DEBUG_INFORMATION_FORMAT = "dwarf-with-dsym";
				ENABLE_NS_ASSERTIONS = NO;
				ENABLE_STRICT_OBJC_MSGSEND = YES;
				GCC_C_LANGUAGE_STANDARD = gnu11;
				GCC_NO_COMMON_BLOCKS = YES;
				GCC_WARN_64_TO_32_BIT_CONVERSION = YES;
				GCC_WARN_ABOUT_RETURN_TYPE = YES_ERROR;
				GCC_WARN_UNDECLARED_SELECTOR = YES;
				GCC_WARN_UNINITIALIZED_AUTOS = YES_AGGRESSIVE;
				GCC_WARN_UNUSED_FUNCTION = YES;
				GCC_WARN_UNUSED_VARIABLE = YES;
				IPHONEOS_DEPLOYMENT_TARGET = 12.2;
				MTL_ENABLE_DEBUG_INFO = NO;
				MTL_FAST_MATH = YES;
				SDKROOT = iphoneos;
				SWIFT_COMPILATION_MODE = wholemodule;
				SWIFT_OPTIMIZATION_LEVEL = "-O";
				VALIDATE_PRODUCT = YES;
			};
			name = Release;
		};
		D89C90B122818C7A00995D97 /* Debug */ = {
			isa = XCBuildConfiguration;
			buildSettings = {
				ASSETCATALOG_COMPILER_APPICON_NAME = AppIcon;
				CODE_SIGN_STYLE = Automatic;
				DEVELOPMENT_TEAM = 64346Y5J98;
				FRAMEWORK_SEARCH_PATHS = (
					"$(inherited)",
					"$(PROJECT_DIR)/Carthage/Build/iOS",
				);
				INFOPLIST_FILE = Demo401/Info.plist;
				LD_RUNPATH_SEARCH_PATHS = (
					"$(inherited)",
					"@executable_path/Frameworks",
				);
				PRODUCT_BUNDLE_IDENTIFIER = it.sky.Demo401;
				PRODUCT_NAME = "$(TARGET_NAME)";
				SWIFT_VERSION = 5.0;
				TARGETED_DEVICE_FAMILY = "1,2";
			};
			name = Debug;
		};
		D89C90B222818C7A00995D97 /* Release */ = {
			isa = XCBuildConfiguration;
			buildSettings = {
				ASSETCATALOG_COMPILER_APPICON_NAME = AppIcon;
				CODE_SIGN_STYLE = Automatic;
				DEVELOPMENT_TEAM = 64346Y5J98;
				FRAMEWORK_SEARCH_PATHS = (
					"$(inherited)",
					"$(PROJECT_DIR)/Carthage/Build/iOS",
				);
				INFOPLIST_FILE = Demo401/Info.plist;
				LD_RUNPATH_SEARCH_PATHS = (
					"$(inherited)",
					"@executable_path/Frameworks",
				);
				PRODUCT_BUNDLE_IDENTIFIER = it.sky.Demo401;
				PRODUCT_NAME = "$(TARGET_NAME)";
				SWIFT_VERSION = 5.0;
				TARGETED_DEVICE_FAMILY = "1,2";
			};
			name = Release;
		};
		D89C90B422818C7A00995D97 /* Debug */ = {
			isa = XCBuildConfiguration;
			buildSettings = {
				ALWAYS_EMBED_SWIFT_STANDARD_LIBRARIES = YES;
				BUNDLE_LOADER = "$(TEST_HOST)";
				CODE_SIGN_STYLE = Automatic;
				DEVELOPMENT_TEAM = 64346Y5J98;
				INFOPLIST_FILE = Demo401Tests/Info.plist;
				LD_RUNPATH_SEARCH_PATHS = (
					"$(inherited)",
					"@executable_path/Frameworks",
					"@loader_path/Frameworks",
				);
				PRODUCT_BUNDLE_IDENTIFIER = it.sky.Demo401Tests;
				PRODUCT_NAME = "$(TARGET_NAME)";
				SWIFT_VERSION = 5.0;
				TARGETED_DEVICE_FAMILY = "1,2";
				TEST_HOST = "$(BUILT_PRODUCTS_DIR)/Demo401.app/Demo401";
			};
			name = Debug;
		};
		D89C90B522818C7A00995D97 /* Release */ = {
			isa = XCBuildConfiguration;
			buildSettings = {
				ALWAYS_EMBED_SWIFT_STANDARD_LIBRARIES = YES;
				BUNDLE_LOADER = "$(TEST_HOST)";
				CODE_SIGN_STYLE = Automatic;
				DEVELOPMENT_TEAM = 64346Y5J98;
				INFOPLIST_FILE = Demo401Tests/Info.plist;
				LD_RUNPATH_SEARCH_PATHS = (
					"$(inherited)",
					"@executable_path/Frameworks",
					"@loader_path/Frameworks",
				);
				PRODUCT_BUNDLE_IDENTIFIER = it.sky.Demo401Tests;
				PRODUCT_NAME = "$(TARGET_NAME)";
				SWIFT_VERSION = 5.0;
				TARGETED_DEVICE_FAMILY = "1,2";
				TEST_HOST = "$(BUILT_PRODUCTS_DIR)/Demo401.app/Demo401";
			};
			name = Release;
		};
		D89C90B722818C7A00995D97 /* Debug */ = {
			isa = XCBuildConfiguration;
			buildSettings = {
				ALWAYS_EMBED_SWIFT_STANDARD_LIBRARIES = YES;
				CODE_SIGN_STYLE = Automatic;
				DEVELOPMENT_TEAM = 64346Y5J98;
				INFOPLIST_FILE = Demo401UITests/Info.plist;
				LD_RUNPATH_SEARCH_PATHS = (
					"$(inherited)",
					"@executable_path/Frameworks",
					"@loader_path/Frameworks",
				);
				PRODUCT_BUNDLE_IDENTIFIER = it.sky.Demo401UITests;
				PRODUCT_NAME = "$(TARGET_NAME)";
				SWIFT_VERSION = 5.0;
				TARGETED_DEVICE_FAMILY = "1,2";
				TEST_TARGET_NAME = Demo401;
			};
			name = Debug;
		};
		D89C90B822818C7A00995D97 /* Release */ = {
			isa = XCBuildConfiguration;
			buildSettings = {
				ALWAYS_EMBED_SWIFT_STANDARD_LIBRARIES = YES;
				CODE_SIGN_STYLE = Automatic;
				DEVELOPMENT_TEAM = 64346Y5J98;
				INFOPLIST_FILE = Demo401UITests/Info.plist;
				LD_RUNPATH_SEARCH_PATHS = (
					"$(inherited)",
					"@executable_path/Frameworks",
					"@loader_path/Frameworks",
				);
				PRODUCT_BUNDLE_IDENTIFIER = it.sky.Demo401UITests;
				PRODUCT_NAME = "$(TARGET_NAME)";
				SWIFT_VERSION = 5.0;
				TARGETED_DEVICE_FAMILY = "1,2";
				TEST_TARGET_NAME = Demo401;
			};
			name = Release;
		};
/* End XCBuildConfiguration section */

/* Begin XCConfigurationList section */
		D89C908322818C7900995D97 /* Build configuration list for PBXProject "Demo401" */ = {
			isa = XCConfigurationList;
			buildConfigurations = (
				D89C90AE22818C7A00995D97 /* Debug */,
				D89C90AF22818C7A00995D97 /* Release */,
			);
			defaultConfigurationIsVisible = 0;
			defaultConfigurationName = Release;
		};
		D89C90B022818C7A00995D97 /* Build configuration list for PBXNativeTarget "Demo401" */ = {
			isa = XCConfigurationList;
			buildConfigurations = (
				D89C90B122818C7A00995D97 /* Debug */,
				D89C90B222818C7A00995D97 /* Release */,
			);
			defaultConfigurationIsVisible = 0;
			defaultConfigurationName = Release;
		};
		D89C90B322818C7A00995D97 /* Build configuration list for PBXNativeTarget "Demo401Tests" */ = {
			isa = XCConfigurationList;
			buildConfigurations = (
				D89C90B422818C7A00995D97 /* Debug */,
				D89C90B522818C7A00995D97 /* Release */,
			);
			defaultConfigurationIsVisible = 0;
			defaultConfigurationName = Release;
		};
		D89C90B622818C7A00995D97 /* Build configuration list for PBXNativeTarget "Demo401UITests" */ = {
			isa = XCConfigurationList;
			buildConfigurations = (
				D89C90B722818C7A00995D97 /* Debug */,
				D89C90B822818C7A00995D97 /* Release */,
			);
			defaultConfigurationIsVisible = 0;
			defaultConfigurationName = Release;
		};
/* End XCConfigurationList section */
	};
	rootObject = D89C908022818C7900995D97 /* Project object */;
}
