{
  "object": {
    "pins": [
      {
        "package": "combine-schedulers",
        "repositoryURL": "https://github.com/pointfreeco/combine-schedulers",
        "state": {
          "branch": null,
          "revision": "c37e5ae8012fb654af776cc556ff8ae64398c841",
          "version": "0.5.0"
        }
      },
      {
        "package": "CombineExt",
        "repositoryURL": "https://github.com/CombineCommunity/CombineExt.git",
        "state": {
          "branch": null,
          "revision": "5b8a0c0f178527f9204200505c5fefa6847e528f",
          "version": "1.3.0"
        }
      },
      {
        "package": "xctest-dynamic-overlay",
        "repositoryURL": "https://github.com/pointfreeco/xctest-dynamic-overlay",
        "state": {
          "branch": null,
          "revision": "603974e3909ad4b48ba04aad7e0ceee4f077a518",
          "version": "0.1.0"
        }
      }
    ]
  },
  "version": 1
}
