// !$*UTF8*$!
{
	archiveVersion = 1;
	classes = {
	};
	objectVersion = 50;
	objects = {

/* Begin PBXBuildFile section */
		FA54345A224F68F500ACA9CE /* AppDelegate.swift in Sources */ = {isa = PBXBuildFile; fileRef = FA543459224F68F500ACA9CE /* AppDelegate.swift */; };
		FA543461224F68F700ACA9CE /* Assets.xcassets in Resources */ = {isa = PBXBuildFile; fileRef = FA543460224F68F700ACA9CE /* Assets.xcassets */; };
		FA543464224F68F700ACA9CE /* LaunchScreen.storyboard in Resources */ = {isa = PBXBuildFile; fileRef = FA543462224F68F700ACA9CE /* LaunchScreen.storyboard */; };
		FA54346F224F68F700ACA9CE /* ReactiveAPIDemoTests.swift in Sources */ = {isa = PBXBuildFile; fileRef = FA54346E224F68F700ACA9CE /* ReactiveAPIDemoTests.swift */; };
		FA54347A224F68F700ACA9CE /* ReactiveAPIDemoUITests.swift in Sources */ = {isa = PBXBuildFile; fileRef = FA543479224F68F700ACA9CE /* ReactiveAPIDemoUITests.swift */; };
		FA54348B224F6C0F00ACA9CE /* Person.swift in Sources */ = {isa = PBXBuildFile; fileRef = FA54348A224F6C0F00ACA9CE /* Person.swift */; };
		FA543492224F6E5200ACA9CE /* ReactiveAPI.framework in Frameworks */ = {isa = PBXBuildFile; fileRef = FA543491224F6E5200ACA9CE /* ReactiveAPI.framework */; };
		FA543496224F6E6100ACA9CE /* RxCocoa.framework in Frameworks */ = {isa = PBXBuildFile; fileRef = FA543495224F6E6100ACA9CE /* RxCocoa.framework */; };
		FA543498224F6E6900ACA9CE /* RxSwift.framework in Frameworks */ = {isa = PBXBuildFile; fileRef = FA543497224F6E6900ACA9CE /* RxSwift.framework */; };
		FA54349B224F707200ACA9CE /* StarWarsAPI.swift in Sources */ = {isa = PBXBuildFile; fileRef = FA54349A224F707200ACA9CE /* StarWarsAPI.swift */; };
		FA54349D224F736500ACA9CE /* Root.swift in Sources */ = {isa = PBXBuildFile; fileRef = FA54349C224F736500ACA9CE /* Root.swift */; };
		FA54349F224F74D000ACA9CE /* PagedResponse.swift in Sources */ = {isa = PBXBuildFile; fileRef = FA54349E224F74D000ACA9CE /* PagedResponse.swift */; };
		FA5434A9224F8D9B00ACA9CE /* Film.swift in Sources */ = {isa = PBXBuildFile; fileRef = FA5434A8224F8D9B00ACA9CE /* Film.swift */; };
		FA5434AB224F8F3C00ACA9CE /* ListController.swift in Sources */ = {isa = PBXBuildFile; fileRef = FA5434AA224F8F3C00ACA9CE /* ListController.swift */; };
		FA5434AD224F922F00ACA9CE /* ViewModel.swift in Sources */ = {isa = PBXBuildFile; fileRef = FA5434AC224F922F00ACA9CE /* ViewModel.swift */; };
		FA5434AF224F951400ACA9CE /* RootViewModelFactory.swift in Sources */ = {isa = PBXBuildFile; fileRef = FA5434AE224F951400ACA9CE /* RootViewModelFactory.swift */; };
		FA5434B1224F9A6100ACA9CE /* Planet.swift in Sources */ = {isa = PBXBuildFile; fileRef = FA5434B0224F9A6100ACA9CE /* Planet.swift */; };
		FA5434B3224F9BC800ACA9CE /* Specie.swift in Sources */ = {isa = PBXBuildFile; fileRef = FA5434B2224F9BC800ACA9CE /* Specie.swift */; };
		FA5434B5224F9DD100ACA9CE /* Vehicle.swift in Sources */ = {isa = PBXBuildFile; fileRef = FA5434B4224F9DD100ACA9CE /* Vehicle.swift */; };
		FA5434B7224FA13500ACA9CE /* Starship.swift in Sources */ = {isa = PBXBuildFile; fileRef = FA5434B6224FA13500ACA9CE /* Starship.swift */; };
		FA5434BA224FA6C200ACA9CE /* RootViewModel.swift in Sources */ = {isa = PBXBuildFile; fileRef = FA5434B9224FA6C200ACA9CE /* RootViewModel.swift */; };
		FA5434BC224FA6E300ACA9CE /* FilmsViewModel.swift in Sources */ = {isa = PBXBuildFile; fileRef = FA5434BB224FA6E300ACA9CE /* FilmsViewModel.swift */; };
		FA5434BE224FA70700ACA9CE /* PeopleViewModel.swift in Sources */ = {isa = PBXBuildFile; fileRef = FA5434BD224FA70700ACA9CE /* PeopleViewModel.swift */; };
		FA5434C0224FA72600ACA9CE /* PlanetsViewModel.swift in Sources */ = {isa = PBXBuildFile; fileRef = FA5434BF224FA72600ACA9CE /* PlanetsViewModel.swift */; };
		FA5434C2224FA76A00ACA9CE /* SpeciesViewModel.swift in Sources */ = {isa = PBXBuildFile; fileRef = FA5434C1224FA76A00ACA9CE /* SpeciesViewModel.swift */; };
		FA5434C4224FA78800ACA9CE /* VehiclesViewModel.swift in Sources */ = {isa = PBXBuildFile; fileRef = FA5434C3224FA78800ACA9CE /* VehiclesViewModel.swift */; };
		FA5434C6224FA7AC00ACA9CE /* StarshipsViewModel.swift in Sources */ = {isa = PBXBuildFile; fileRef = FA5434C5224FA7AC00ACA9CE /* StarshipsViewModel.swift */; };
		FA5434C9224FA82D00ACA9CE /* ViewModelFactory.swift in Sources */ = {isa = PBXBuildFile; fileRef = FA5434C8224FA82D00ACA9CE /* ViewModelFactory.swift */; };
		FA5434CB224FAD1B00ACA9CE /* SubtitleUITableViewCell.swift in Sources */ = {isa = PBXBuildFile; fileRef = FA5434CA224FAD1B00ACA9CE /* SubtitleUITableViewCell.swift */; };
		FA5434CD2250339B00ACA9CE /* SingleViewModelFactory.swift in Sources */ = {isa = PBXBuildFile; fileRef = FA5434CC2250339B00ACA9CE /* SingleViewModelFactory.swift */; };
/* End PBXBuildFile section */

/* Begin PBXContainerItemProxy section */
		FA54346B224F68F700ACA9CE /* PBXContainerItemProxy */ = {
			isa = PBXContainerItemProxy;
			containerPortal = FA54344E224F68F500ACA9CE /* Project object */;
			proxyType = 1;
			remoteGlobalIDString = FA543455224F68F500ACA9CE;
			remoteInfo = ReactiveAPIDemo;
		};
		FA543476224F68F700ACA9CE /* PBXContainerItemProxy */ = {
			isa = PBXContainerItemProxy;
			containerPortal = FA54344E224F68F500ACA9CE /* Project object */;
			proxyType = 1;
			remoteGlobalIDString = FA543455224F68F500ACA9CE;
			remoteInfo = ReactiveAPIDemo;
		};
/* End PBXContainerItemProxy section */

/* Begin PBXFileReference section */
		FA543456224F68F500ACA9CE /* ReactiveAPIDemo.app */ = {isa = PBXFileReference; explicitFileType = wrapper.application; includeInIndex = 0; path = ReactiveAPIDemo.app; sourceTree = BUILT_PRODUCTS_DIR; };
		FA543459224F68F500ACA9CE /* AppDelegate.swift */ = {isa = PBXFileReference; lastKnownFileType = sourcecode.swift; path = AppDelegate.swift; sourceTree = "<group>"; };
		FA543460224F68F700ACA9CE /* Assets.xcassets */ = {isa = PBXFileReference; lastKnownFileType = folder.assetcatalog; path = Assets.xcassets; sourceTree = "<group>"; };
		FA543463224F68F700ACA9CE /* Base */ = {isa = PBXFileReference; lastKnownFileType = file.storyboard; name = Base; path = Base.lproj/LaunchScreen.storyboard; sourceTree = "<group>"; };
		FA543465224F68F700ACA9CE /* Info.plist */ = {isa = PBXFileReference; lastKnownFileType = text.plist.xml; path = Info.plist; sourceTree = "<group>"; };
		FA54346A224F68F700ACA9CE /* ReactiveAPIDemoTests.xctest */ = {isa = PBXFileReference; explicitFileType = wrapper.cfbundle; includeInIndex = 0; path = ReactiveAPIDemoTests.xctest; sourceTree = BUILT_PRODUCTS_DIR; };
		FA54346E224F68F700ACA9CE /* ReactiveAPIDemoTests.swift */ = {isa = PBXFileReference; lastKnownFileType = sourcecode.swift; path = ReactiveAPIDemoTests.swift; sourceTree = "<group>"; };
		FA543470224F68F700ACA9CE /* Info.plist */ = {isa = PBXFileReference; lastKnownFileType = text.plist.xml; path = Info.plist; sourceTree = "<group>"; };
		FA543475224F68F700ACA9CE /* ReactiveAPIDemoUITests.xctest */ = {isa = PBXFileReference; explicitFileType = wrapper.cfbundle; includeInIndex = 0; path = ReactiveAPIDemoUITests.xctest; sourceTree = BUILT_PRODUCTS_DIR; };
		FA543479224F68F700ACA9CE /* ReactiveAPIDemoUITests.swift */ = {isa = PBXFileReference; lastKnownFileType = sourcecode.swift; path = ReactiveAPIDemoUITests.swift; sourceTree = "<group>"; };
		FA54347B224F68F700ACA9CE /* Info.plist */ = {isa = PBXFileReference; lastKnownFileType = text.plist.xml; path = Info.plist; sourceTree = "<group>"; };
		FA54348A224F6C0F00ACA9CE /* Person.swift */ = {isa = PBXFileReference; lastKnownFileType = sourcecode.swift; path = Person.swift; sourceTree = "<group>"; };
		FA54348D224F6E3700ACA9CE /* Carbon.framework */ = {isa = PBXFileReference; lastKnownFileType = wrapper.framework; name = Carbon.framework; path = Carthage/Build/iOS/Carbon.framework; sourceTree = "<group>"; };
		FA54348F224F6E4D00ACA9CE /* DifferenceKit.framework */ = {isa = PBXFileReference; lastKnownFileType = wrapper.framework; name = DifferenceKit.framework; path = Carthage/Build/iOS/DifferenceKit.framework; sourceTree = "<group>"; };
		FA543491224F6E5200ACA9CE /* ReactiveAPI.framework */ = {isa = PBXFileReference; lastKnownFileType = wrapper.framework; name = ReactiveAPI.framework; path = Carthage/Build/iOS/ReactiveAPI.framework; sourceTree = "<group>"; };
		FA543493224F6E5B00ACA9CE /* RxAtomic.framework */ = {isa = PBXFileReference; lastKnownFileType = wrapper.framework; name = RxAtomic.framework; path = Carthage/Build/iOS/RxAtomic.framework; sourceTree = "<group>"; };
		FA543495224F6E6100ACA9CE /* RxCocoa.framework */ = {isa = PBXFileReference; lastKnownFileType = wrapper.framework; name = RxCocoa.framework; path = Carthage/Build/iOS/RxCocoa.framework; sourceTree = "<group>"; };
		FA543497224F6E6900ACA9CE /* RxSwift.framework */ = {isa = PBXFileReference; lastKnownFileType = wrapper.framework; name = RxSwift.framework; path = Carthage/Build/iOS/RxSwift.framework; sourceTree = "<group>"; };
		FA54349A224F707200ACA9CE /* StarWarsAPI.swift */ = {isa = PBXFileReference; lastKnownFileType = sourcecode.swift; path = StarWarsAPI.swift; sourceTree = "<group>"; };
		FA54349C224F736500ACA9CE /* Root.swift */ = {isa = PBXFileReference; lastKnownFileType = sourcecode.swift; path = Root.swift; sourceTree = "<group>"; };
		FA54349E224F74D000ACA9CE /* PagedResponse.swift */ = {isa = PBXFileReference; lastKnownFileType = sourcecode.swift; path = PagedResponse.swift; sourceTree = "<group>"; };
		FA5434A8224F8D9B00ACA9CE /* Film.swift */ = {isa = PBXFileReference; lastKnownFileType = sourcecode.swift; path = Film.swift; sourceTree = "<group>"; };
		FA5434AA224F8F3C00ACA9CE /* ListController.swift */ = {isa = PBXFileReference; lastKnownFileType = sourcecode.swift; path = ListController.swift; sourceTree = "<group>"; };
		FA5434AC224F922F00ACA9CE /* ViewModel.swift */ = {isa = PBXFileReference; lastKnownFileType = sourcecode.swift; path = ViewModel.swift; sourceTree = "<group>"; };
		FA5434AE224F951400ACA9CE /* RootViewModelFactory.swift */ = {isa = PBXFileReference; lastKnownFileType = sourcecode.swift; path = RootViewModelFactory.swift; sourceTree = "<group>"; };
		FA5434B0224F9A6100ACA9CE /* Planet.swift */ = {isa = PBXFileReference; lastKnownFileType = sourcecode.swift; path = Planet.swift; sourceTree = "<group>"; };
		FA5434B2224F9BC800ACA9CE /* Specie.swift */ = {isa = PBXFileReference; lastKnownFileType = sourcecode.swift; path = Specie.swift; sourceTree = "<group>"; };
		FA5434B4224F9DD100ACA9CE /* Vehicle.swift */ = {isa = PBXFileReference; lastKnownFileType = sourcecode.swift; path = Vehicle.swift; sourceTree = "<group>"; };
		FA5434B6224FA13500ACA9CE /* Starship.swift */ = {isa = PBXFileReference; lastKnownFileType = sourcecode.swift; path = Starship.swift; sourceTree = "<group>"; };
		FA5434B9224FA6C200ACA9CE /* RootViewModel.swift */ = {isa = PBXFileReference; lastKnownFileType = sourcecode.swift; path = RootViewModel.swift; sourceTree = "<group>"; };
		FA5434BB224FA6E300ACA9CE /* FilmsViewModel.swift */ = {isa = PBXFileReference; lastKnownFileType = sourcecode.swift; path = FilmsViewModel.swift; sourceTree = "<group>"; };
		FA5434BD224FA70700ACA9CE /* PeopleViewModel.swift */ = {isa = PBXFileReference; lastKnownFileType = sourcecode.swift; path = PeopleViewModel.swift; sourceTree = "<group>"; };
		FA5434BF224FA72600ACA9CE /* PlanetsViewModel.swift */ = {isa = PBXFileReference; lastKnownFileType = sourcecode.swift; path = PlanetsViewModel.swift; sourceTree = "<group>"; };
		FA5434C1224FA76A00ACA9CE /* SpeciesViewModel.swift */ = {isa = PBXFileReference; lastKnownFileType = sourcecode.swift; path = SpeciesViewModel.swift; sourceTree = "<group>"; };
		FA5434C3224FA78800ACA9CE /* VehiclesViewModel.swift */ = {isa = PBXFileReference; lastKnownFileType = sourcecode.swift; path = VehiclesViewModel.swift; sourceTree = "<group>"; };
		FA5434C5224FA7AC00ACA9CE /* StarshipsViewModel.swift */ = {isa = PBXFileReference; lastKnownFileType = sourcecode.swift; path = StarshipsViewModel.swift; sourceTree = "<group>"; };
		FA5434C8224FA82D00ACA9CE /* ViewModelFactory.swift */ = {isa = PBXFileReference; lastKnownFileType = sourcecode.swift; path = ViewModelFactory.swift; sourceTree = "<group>"; };
		FA5434CA224FAD1B00ACA9CE /* SubtitleUITableViewCell.swift */ = {isa = PBXFileReference; lastKnownFileType = sourcecode.swift; path = SubtitleUITableViewCell.swift; sourceTree = "<group>"; };
		FA5434CC2250339B00ACA9CE /* SingleViewModelFactory.swift */ = {isa = PBXFileReference; lastKnownFileType = sourcecode.swift; path = SingleViewModelFactory.swift; sourceTree = "<group>"; };
/* End PBXFileReference section */

/* Begin PBXFrameworksBuildPhase section */
		FA543453224F68F500ACA9CE /* Frameworks */ = {
			isa = PBXFrameworksBuildPhase;
			buildActionMask = 2147483647;
			files = (
				FA543492224F6E5200ACA9CE /* ReactiveAPI.framework in Frameworks */,
				FA543496224F6E6100ACA9CE /* RxCocoa.framework in Frameworks */,
				FA543498224F6E6900ACA9CE /* RxSwift.framework in Frameworks */,
			);
			runOnlyForDeploymentPostprocessing = 0;
		};
		FA543467224F68F700ACA9CE /* Frameworks */ = {
			isa = PBXFrameworksBuildPhase;
			buildActionMask = 2147483647;
			files = (
			);
			runOnlyForDeploymentPostprocessing = 0;
		};
		FA543472224F68F700ACA9CE /* Frameworks */ = {
			isa = PBXFrameworksBuildPhase;
			buildActionMask = 2147483647;
			files = (
			);
			runOnlyForDeploymentPostprocessing = 0;
		};
/* End PBXFrameworksBuildPhase section */

/* Begin PBXGroup section */
		FA54344D224F68F500ACA9CE = {
			isa = PBXGroup;
			children = (
				FA543458224F68F500ACA9CE /* ReactiveAPIDemo */,
				FA54346D224F68F700ACA9CE /* ReactiveAPIDemoTests */,
				FA543478224F68F700ACA9CE /* ReactiveAPIDemoUITests */,
				FA543457224F68F500ACA9CE /* Products */,
				FA54348C224F6E3700ACA9CE /* Frameworks */,
			);
			sourceTree = "<group>";
		};
		FA543457224F68F500ACA9CE /* Products */ = {
			isa = PBXGroup;
			children = (
				FA543456224F68F500ACA9CE /* ReactiveAPIDemo.app */,
				FA54346A224F68F700ACA9CE /* ReactiveAPIDemoTests.xctest */,
				FA543475224F68F700ACA9CE /* ReactiveAPIDemoUITests.xctest */,
			);
			name = Products;
			sourceTree = "<group>";
		};
		FA543458224F68F500ACA9CE /* ReactiveAPIDemo */ = {
			isa = PBXGroup;
			children = (
				FA543465224F68F700ACA9CE /* Info.plist */,
				FA543459224F68F500ACA9CE /* AppDelegate.swift */,
				FA543460224F68F700ACA9CE /* Assets.xcassets */,
				FA543462224F68F700ACA9CE /* LaunchScreen.storyboard */,
				FA543487224F6BCD00ACA9CE /* Network */,
				FA5434A7224F8C4D00ACA9CE /* UI */,
			);
			path = ReactiveAPIDemo;
			sourceTree = "<group>";
		};
		FA54346D224F68F700ACA9CE /* ReactiveAPIDemoTests */ = {
			isa = PBXGroup;
			children = (
				FA54346E224F68F700ACA9CE /* ReactiveAPIDemoTests.swift */,
				FA543470224F68F700ACA9CE /* Info.plist */,
			);
			path = ReactiveAPIDemoTests;
			sourceTree = "<group>";
		};
		FA543478224F68F700ACA9CE /* ReactiveAPIDemoUITests */ = {
			isa = PBXGroup;
			children = (
				FA543479224F68F700ACA9CE /* ReactiveAPIDemoUITests.swift */,
				FA54347B224F68F700ACA9CE /* Info.plist */,
			);
			path = ReactiveAPIDemoUITests;
			sourceTree = "<group>";
		};
		FA543487224F6BCD00ACA9CE /* Network */ = {
			isa = PBXGroup;
			children = (
				FA543488224F6BD600ACA9CE /* APIs */,
				FA543489224F6BDD00ACA9CE /* Models */,
			);
			path = Network;
			sourceTree = "<group>";
		};
		FA543488224F6BD600ACA9CE /* APIs */ = {
			isa = PBXGroup;
			children = (
				FA54349A224F707200ACA9CE /* StarWarsAPI.swift */,
			);
			path = APIs;
			sourceTree = "<group>";
		};
		FA543489224F6BDD00ACA9CE /* Models */ = {
			isa = PBXGroup;
			children = (
				FA5434A8224F8D9B00ACA9CE /* Film.swift */,
				FA54349E224F74D000ACA9CE /* PagedResponse.swift */,
				FA54348A224F6C0F00ACA9CE /* Person.swift */,
				FA54349C224F736500ACA9CE /* Root.swift */,
				FA5434B0224F9A6100ACA9CE /* Planet.swift */,
				FA5434B2224F9BC800ACA9CE /* Specie.swift */,
				FA5434B4224F9DD100ACA9CE /* Vehicle.swift */,
				FA5434B6224FA13500ACA9CE /* Starship.swift */,
			);
			path = Models;
			sourceTree = "<group>";
		};
		FA54348C224F6E3700ACA9CE /* Frameworks */ = {
			isa = PBXGroup;
			children = (
				FA543497224F6E6900ACA9CE /* RxSwift.framework */,
				FA543495224F6E6100ACA9CE /* RxCocoa.framework */,
				FA543493224F6E5B00ACA9CE /* RxAtomic.framework */,
				FA543491224F6E5200ACA9CE /* ReactiveAPI.framework */,
				FA54348F224F6E4D00ACA9CE /* DifferenceKit.framework */,
				FA54348D224F6E3700ACA9CE /* Carbon.framework */,
			);
			name = Frameworks;
			sourceTree = "<group>";
		};
		FA5434A7224F8C4D00ACA9CE /* UI */ = {
			isa = PBXGroup;
			children = (
				FA5434AA224F8F3C00ACA9CE /* ListController.swift */,
				FA5434CA224FAD1B00ACA9CE /* SubtitleUITableViewCell.swift */,
				FA5434AC224F922F00ACA9CE /* ViewModel.swift */,
				FA5434C8224FA82D00ACA9CE /* ViewModelFactory.swift */,
				FA5434B8224FA6A500ACA9CE /* ViewModels */,
				FA5434C7224FA7E000ACA9CE /* ViewModelsFactories */,
			);
			path = UI;
			sourceTree = "<group>";
		};
		FA5434B8224FA6A500ACA9CE /* ViewModels */ = {
			isa = PBXGroup;
			children = (
				FA5434B9224FA6C200ACA9CE /* RootViewModel.swift */,
				FA5434BB224FA6E300ACA9CE /* FilmsViewModel.swift */,
				FA5434BD224FA70700ACA9CE /* PeopleViewModel.swift */,
				FA5434BF224FA72600ACA9CE /* PlanetsViewModel.swift */,
				FA5434C1224FA76A00ACA9CE /* SpeciesViewModel.swift */,
				FA5434C3224FA78800ACA9CE /* VehiclesViewModel.swift */,
				FA5434C5224FA7AC00ACA9CE /* StarshipsViewModel.swift */,
			);
			path = ViewModels;
			sourceTree = "<group>";
		};
		FA5434C7224FA7E000ACA9CE /* ViewModelsFactories */ = {
			isa = PBXGroup;
			children = (
				FA5434AE224F951400ACA9CE /* RootViewModelFactory.swift */,
				FA5434CC2250339B00ACA9CE /* SingleViewModelFactory.swift */,
			);
			path = ViewModelsFactories;
			sourceTree = "<group>";
		};
/* End PBXGroup section */

/* Begin PBXNativeTarget section */
		FA543455224F68F500ACA9CE /* ReactiveAPIDemo */ = {
			isa = PBXNativeTarget;
			buildConfigurationList = FA54347E224F68F700ACA9CE /* Build configuration list for PBXNativeTarget "ReactiveAPIDemo" */;
			buildPhases = (
				FA543452224F68F500ACA9CE /* Sources */,
				FA543453224F68F500ACA9CE /* Frameworks */,
				FA543454224F68F500ACA9CE /* Resources */,
				FA543499224F6EB700ACA9CE /* Copy Carthage Frameworks */,
			);
			buildRules = (
			);
			dependencies = (
			);
			name = ReactiveAPIDemo;
			productName = ReactiveAPIDemo;
			productReference = FA543456224F68F500ACA9CE /* ReactiveAPIDemo.app */;
			productType = "com.apple.product-type.application";
		};
		FA543469224F68F700ACA9CE /* ReactiveAPIDemoTests */ = {
			isa = PBXNativeTarget;
			buildConfigurationList = FA543481224F68F700ACA9CE /* Build configuration list for PBXNativeTarget "ReactiveAPIDemoTests" */;
			buildPhases = (
				FA543466224F68F700ACA9CE /* Sources */,
				FA543467224F68F700ACA9CE /* Frameworks */,
				FA543468224F68F700ACA9CE /* Resources */,
			);
			buildRules = (
			);
			dependencies = (
				FA54346C224F68F700ACA9CE /* PBXTargetDependency */,
			);
			name = ReactiveAPIDemoTests;
			productName = ReactiveAPIDemoTests;
			productReference = FA54346A224F68F700ACA9CE /* ReactiveAPIDemoTests.xctest */;
			productType = "com.apple.product-type.bundle.unit-test";
		};
		FA543474224F68F700ACA9CE /* ReactiveAPIDemoUITests */ = {
			isa = PBXNativeTarget;
			buildConfigurationList = FA543484224F68F700ACA9CE /* Build configuration list for PBXNativeTarget "ReactiveAPIDemoUITests" */;
			buildPhases = (
				FA543471224F68F700ACA9CE /* Sources */,
				FA543472224F68F700ACA9CE /* Frameworks */,
				FA543473224F68F700ACA9CE /* Resources */,
			);
			buildRules = (
			);
			dependencies = (
				FA543477224F68F700ACA9CE /* PBXTargetDependency */,
			);
			name = ReactiveAPIDemoUITests;
			productName = ReactiveAPIDemoUITests;
			productReference = FA543475224F68F700ACA9CE /* ReactiveAPIDemoUITests.xctest */;
			productType = "com.apple.product-type.bundle.ui-testing";
		};
/* End PBXNativeTarget section */

/* Begin PBXProject section */
		FA54344E224F68F500ACA9CE /* Project object */ = {
			isa = PBXProject;
			attributes = {
				LastSwiftUpdateCheck = 1020;
				LastUpgradeCheck = 1020;
				ORGANIZATIONNAME = Sky;
				TargetAttributes = {
					FA543455224F68F500ACA9CE = {
						CreatedOnToolsVersion = 10.2;
					};
					FA543469224F68F700ACA9CE = {
						CreatedOnToolsVersion = 10.2;
						TestTargetID = FA543455224F68F500ACA9CE;
					};
					FA543474224F68F700ACA9CE = {
						CreatedOnToolsVersion = 10.2;
						TestTargetID = FA543455224F68F500ACA9CE;
					};
				};
			};
			buildConfigurationList = FA543451224F68F500ACA9CE /* Build configuration list for PBXProject "ReactiveAPIDemo" */;
			compatibilityVersion = "Xcode 9.3";
			developmentRegion = en;
			hasScannedForEncodings = 0;
			knownRegions = (
				en,
				Base,
			);
			mainGroup = FA54344D224F68F500ACA9CE;
			productRefGroup = FA543457224F68F500ACA9CE /* Products */;
			projectDirPath = "";
			projectRoot = "";
			targets = (
				FA543455224F68F500ACA9CE /* ReactiveAPIDemo */,
				FA543469224F68F700ACA9CE /* ReactiveAPIDemoTests */,
				FA543474224F68F700ACA9CE /* ReactiveAPIDemoUITests */,
			);
		};
/* End PBXProject section */

/* Begin PBXResourcesBuildPhase section */
		FA543454224F68F500ACA9CE /* Resources */ = {
			isa = PBXResourcesBuildPhase;
			buildActionMask = 2147483647;
			files = (
				FA543464224F68F700ACA9CE /* LaunchScreen.storyboard in Resources */,
				FA543461224F68F700ACA9CE /* Assets.xcassets in Resources */,
			);
			runOnlyForDeploymentPostprocessing = 0;
		};
		FA543468224F68F700ACA9CE /* Resources */ = {
			isa = PBXResourcesBuildPhase;
			buildActionMask = 2147483647;
			files = (
			);
			runOnlyForDeploymentPostprocessing = 0;
		};
		FA543473224F68F700ACA9CE /* Resources */ = {
			isa = PBXResourcesBuildPhase;
			buildActionMask = 2147483647;
			files = (
			);
			runOnlyForDeploymentPostprocessing = 0;
		};
/* End PBXResourcesBuildPhase section */

/* Begin PBXShellScriptBuildPhase section */
		FA543499224F6EB700ACA9CE /* Copy Carthage Frameworks */ = {
			isa = PBXShellScriptBuildPhase;
			buildActionMask = 2147483647;
			files = (
			);
			inputFileListPaths = (
			);
			inputPaths = (
				"$(SRCROOT)/Carthage/Build/iOS/ReactiveAPI.framework",
				"$(SRCROOT)/Carthage/Build/iOS/RxSwift.framework",
				"$(SRCROOT)/Carthage/Build/iOS/RxCocoa.framework",
			);
			name = "Copy Carthage Frameworks";
			outputFileListPaths = (
			);
			outputPaths = (
			);
			runOnlyForDeploymentPostprocessing = 0;
			shellPath = /bin/sh;
			shellScript = "/usr/local/bin/carthage copy-frameworks\n";
		};
/* End PBXShellScriptBuildPhase section */

/* Begin PBXSourcesBuildPhase section */
		FA543452224F68F500ACA9CE /* Sources */ = {
			isa = PBXSourcesBuildPhase;
			buildActionMask = 2147483647;
			files = (
				FA5434CD2250339B00ACA9CE /* SingleViewModelFactory.swift in Sources */,
				FA54348B224F6C0F00ACA9CE /* Person.swift in Sources */,
				FA54349F224F74D000ACA9CE /* PagedResponse.swift in Sources */,
				FA5434B3224F9BC800ACA9CE /* Specie.swift in Sources */,
				FA5434C6224FA7AC00ACA9CE /* StarshipsViewModel.swift in Sources */,
				FA5434C2224FA76A00ACA9CE /* SpeciesViewModel.swift in Sources */,
				FA5434B5224F9DD100ACA9CE /* Vehicle.swift in Sources */,
				FA5434C9224FA82D00ACA9CE /* ViewModelFactory.swift in Sources */,
				FA5434B1224F9A6100ACA9CE /* Planet.swift in Sources */,
				FA5434BC224FA6E300ACA9CE /* FilmsViewModel.swift in Sources */,
				FA5434CB224FAD1B00ACA9CE /* SubtitleUITableViewCell.swift in Sources */,
				FA5434B7224FA13500ACA9CE /* Starship.swift in Sources */,
				FA5434C4224FA78800ACA9CE /* VehiclesViewModel.swift in Sources */,
				FA5434AD224F922F00ACA9CE /* ViewModel.swift in Sources */,
				FA54349B224F707200ACA9CE /* StarWarsAPI.swift in Sources */,
				FA5434AF224F951400ACA9CE /* RootViewModelFactory.swift in Sources */,
				FA5434BA224FA6C200ACA9CE /* RootViewModel.swift in Sources */,
				FA54345A224F68F500ACA9CE /* AppDelegate.swift in Sources */,
				FA54349D224F736500ACA9CE /* Root.swift in Sources */,
				FA5434BE224FA70700ACA9CE /* PeopleViewModel.swift in Sources */,
				FA5434AB224F8F3C00ACA9CE /* ListController.swift in Sources */,
				FA5434C0224FA72600ACA9CE /* PlanetsViewModel.swift in Sources */,
				FA5434A9224F8D9B00ACA9CE /* Film.swift in Sources */,
			);
			runOnlyForDeploymentPostprocessing = 0;
		};
		FA543466224F68F700ACA9CE /* Sources */ = {
			isa = PBXSourcesBuildPhase;
			buildActionMask = 2147483647;
			files = (
				FA54346F224F68F700ACA9CE /* ReactiveAPIDemoTests.swift in Sources */,
			);
			runOnlyForDeploymentPostprocessing = 0;
		};
		FA543471224F68F700ACA9CE /* Sources */ = {
			isa = PBXSourcesBuildPhase;
			buildActionMask = 2147483647;
			files = (
				FA54347A224F68F700ACA9CE /* ReactiveAPIDemoUITests.swift in Sources */,
			);
			runOnlyForDeploymentPostprocessing = 0;
		};
/* End PBXSourcesBuildPhase section */

/* Begin PBXTargetDependency section */
		FA54346C224F68F700ACA9CE /* PBXTargetDependency */ = {
			isa = PBXTargetDependency;
			target = FA543455224F68F500ACA9CE /* ReactiveAPIDemo */;
			targetProxy = FA54346B224F68F700ACA9CE /* PBXContainerItemProxy */;
		};
		FA543477224F68F700ACA9CE /* PBXTargetDependency */ = {
			isa = PBXTargetDependency;
			target = FA543455224F68F500ACA9CE /* ReactiveAPIDemo */;
			targetProxy = FA543476224F68F700ACA9CE /* PBXContainerItemProxy */;
		};
/* End PBXTargetDependency section */

/* Begin PBXVariantGroup section */
		FA543462224F68F700ACA9CE /* LaunchScreen.storyboard */ = {
			isa = PBXVariantGroup;
			children = (
				FA543463224F68F700ACA9CE /* Base */,
			);
			name = LaunchScreen.storyboard;
			sourceTree = "<group>";
		};
/* End PBXVariantGroup section */

/* Begin XCBuildConfiguration section */
		FA54347C224F68F700ACA9CE /* Debug */ = {
			isa = XCBuildConfiguration;
			buildSettings = {
				ALWAYS_SEARCH_USER_PATHS = NO;
				CLANG_ANALYZER_NONNULL = YES;
				CLANG_ANALYZER_NUMBER_OBJECT_CONVERSION = YES_AGGRESSIVE;
				CLANG_CXX_LANGUAGE_STANDARD = "gnu++14";
				CLANG_CXX_LIBRARY = "libc++";
				CLANG_ENABLE_MODULES = YES;
				CLANG_ENABLE_OBJC_ARC = YES;
				CLANG_ENABLE_OBJC_WEAK = YES;
				CLANG_WARN_BLOCK_CAPTURE_AUTORELEASING = YES;
				CLANG_WARN_BOOL_CONVERSION = YES;
				CLANG_WARN_COMMA = YES;
				CLANG_WARN_CONSTANT_CONVERSION = YES;
				CLANG_WARN_DEPRECATED_OBJC_IMPLEMENTATIONS = YES;
				CLANG_WARN_DIRECT_OBJC_ISA_USAGE = YES_ERROR;
				CLANG_WARN_DOCUMENTATION_COMMENTS = YES;
				CLANG_WARN_EMPTY_BODY = YES;
				CLANG_WARN_ENUM_CONVERSION = YES;
				CLANG_WARN_INFINITE_RECURSION = YES;
				CLANG_WARN_INT_CONVERSION = YES;
				CLANG_WARN_NON_LITERAL_NULL_CONVERSION = YES;
				CLANG_WARN_OBJC_IMPLICIT_RETAIN_SELF = YES;
				CLANG_WARN_OBJC_LITERAL_CONVERSION = YES;
				CLANG_WARN_OBJC_ROOT_CLASS = YES_ERROR;
				CLANG_WARN_RANGE_LOOP_ANALYSIS = YES;
				CLANG_WARN_STRICT_PROTOTYPES = YES;
				CLANG_WARN_SUSPICIOUS_MOVE = YES;
				CLANG_WARN_UNGUARDED_AVAILABILITY = YES_AGGRESSIVE;
				CLANG_WARN_UNREACHABLE_CODE = YES;
				CLANG_WARN__DUPLICATE_METHOD_MATCH = YES;
				CODE_SIGN_IDENTITY = "iPhone Developer";
				COPY_PHASE_STRIP = NO;
				DEBUG_INFORMATION_FORMAT = dwarf;
				ENABLE_STRICT_OBJC_MSGSEND = YES;
				ENABLE_TESTABILITY = YES;
				GCC_C_LANGUAGE_STANDARD = gnu11;
				GCC_DYNAMIC_NO_PIC = NO;
				GCC_NO_COMMON_BLOCKS = YES;
				GCC_OPTIMIZATION_LEVEL = 0;
				GCC_PREPROCESSOR_DEFINITIONS = (
					"DEBUG=1",
					"$(inherited)",
				);
				GCC_WARN_64_TO_32_BIT_CONVERSION = YES;
				GCC_WARN_ABOUT_RETURN_TYPE = YES_ERROR;
				GCC_WARN_UNDECLARED_SELECTOR = YES;
				GCC_WARN_UNINITIALIZED_AUTOS = YES_AGGRESSIVE;
				GCC_WARN_UNUSED_FUNCTION = YES;
				GCC_WARN_UNUSED_VARIABLE = YES;
				IPHONEOS_DEPLOYMENT_TARGET = 12.2;
				MTL_ENABLE_DEBUG_INFO = INCLUDE_SOURCE;
				MTL_FAST_MATH = YES;
				ONLY_ACTIVE_ARCH = YES;
				SDKROOT = iphoneos;
				SWIFT_ACTIVE_COMPILATION_CONDITIONS = DEBUG;
				SWIFT_OPTIMIZATION_LEVEL = "-Onone";
			};
			name = Debug;
		};
		FA54347D224F68F700ACA9CE /* Release */ = {
			isa = XCBuildConfiguration;
			buildSettings = {
				ALWAYS_SEARCH_USER_PATHS = NO;
				CLANG_ANALYZER_NONNULL = YES;
				CLANG_ANALYZER_NUMBER_OBJECT_CONVERSION = YES_AGGRESSIVE;
				CLANG_CXX_LANGUAGE_STANDARD = "gnu++14";
				CLANG_CXX_LIBRARY = "libc++";
				CLANG_ENABLE_MODULES = YES;
				CLANG_ENABLE_OBJC_ARC = YES;
				CLANG_ENABLE_OBJC_WEAK = YES;
				CLANG_WARN_BLOCK_CAPTURE_AUTORELEASING = YES;
				CLANG_WARN_BOOL_CONVERSION = YES;
				CLANG_WARN_COMMA = YES;
				CLANG_WARN_CONSTANT_CONVERSION = YES;
				CLANG_WARN_DEPRECATED_OBJC_IMPLEMENTATIONS = YES;
				CLANG_WARN_DIRECT_OBJC_ISA_USAGE = YES_ERROR;
				CLANG_WARN_DOCUMENTATION_COMMENTS = YES;
				CLANG_WARN_EMPTY_BODY = YES;
				CLANG_WARN_ENUM_CONVERSION = YES;
				CLANG_WARN_INFINITE_RECURSION = YES;
				CLANG_WARN_INT_CONVERSION = YES;
				CLANG_WARN_NON_LITERAL_NULL_CONVERSION = YES;
				CLANG_WARN_OBJC_IMPLICIT_RETAIN_SELF = YES;
				CLANG_WARN_OBJC_LITERAL_CONVERSION = YES;
				CLANG_WARN_OBJC_ROOT_CLASS = YES_ERROR;
				CLANG_WARN_RANGE_LOOP_ANALYSIS = YES;
				CLANG_WARN_STRICT_PROTOTYPES = YES;
				CLANG_WARN_SUSPICIOUS_MOVE = YES;
				CLANG_WARN_UNGUARDED_AVAILABILITY = YES_AGGRESSIVE;
				CLANG_WARN_UNREACHABLE_CODE = YES;
				CLANG_WARN__DUPLICATE_METHOD_MATCH = YES;
				CODE_SIGN_IDENTITY = "iPhone Developer";
				COPY_PHASE_STRIP = NO;
				DEBUG_INFORMATION_FORMAT = "dwarf-with-dsym";
				ENABLE_NS_ASSERTIONS = NO;
				ENABLE_STRICT_OBJC_MSGSEND = YES;
				GCC_C_LANGUAGE_STANDARD = gnu11;
				GCC_NO_COMMON_BLOCKS = YES;
				GCC_WARN_64_TO_32_BIT_CONVERSION = YES;
				GCC_WARN_ABOUT_RETURN_TYPE = YES_ERROR;
				GCC_WARN_UNDECLARED_SELECTOR = YES;
				GCC_WARN_UNINITIALIZED_AUTOS = YES_AGGRESSIVE;
				GCC_WARN_UNUSED_FUNCTION = YES;
				GCC_WARN_UNUSED_VARIABLE = YES;
				IPHONEOS_DEPLOYMENT_TARGET = 12.2;
				MTL_ENABLE_DEBUG_INFO = NO;
				MTL_FAST_MATH = YES;
				SDKROOT = iphoneos;
				SWIFT_COMPILATION_MODE = wholemodule;
				SWIFT_OPTIMIZATION_LEVEL = "-O";
				VALIDATE_PRODUCT = YES;
			};
			name = Release;
		};
		FA54347F224F68F700ACA9CE /* Debug */ = {
			isa = XCBuildConfiguration;
			buildSettings = {
				ASSETCATALOG_COMPILER_APPICON_NAME = AppIcon;
				CODE_SIGN_STYLE = Automatic;
				FRAMEWORK_SEARCH_PATHS = (
					"$(inherited)",
					"$(PROJECT_DIR)/Carthage/Build/iOS",
				);
				INFOPLIST_FILE = ReactiveAPIDemo/Info.plist;
				LD_RUNPATH_SEARCH_PATHS = (
					"$(inherited)",
					"@executable_path/Frameworks",
				);
				PRODUCT_BUNDLE_IDENTIFIER = it.sky.ReactiveAPIDemo;
				PRODUCT_NAME = "$(TARGET_NAME)";
				SWIFT_VERSION = 5.0;
				TARGETED_DEVICE_FAMILY = "1,2";
			};
			name = Debug;
		};
		FA543480224F68F700ACA9CE /* Release */ = {
			isa = XCBuildConfiguration;
			buildSettings = {
				ASSETCATALOG_COMPILER_APPICON_NAME = AppIcon;
				CODE_SIGN_STYLE = Automatic;
				FRAMEWORK_SEARCH_PATHS = (
					"$(inherited)",
					"$(PROJECT_DIR)/Carthage/Build/iOS",
				);
				INFOPLIST_FILE = ReactiveAPIDemo/Info.plist;
				LD_RUNPATH_SEARCH_PATHS = (
					"$(inherited)",
					"@executable_path/Frameworks",
				);
				PRODUCT_BUNDLE_IDENTIFIER = it.sky.ReactiveAPIDemo;
				PRODUCT_NAME = "$(TARGET_NAME)";
				SWIFT_VERSION = 5.0;
				TARGETED_DEVICE_FAMILY = "1,2";
			};
			name = Release;
		};
		FA543482224F68F700ACA9CE /* Debug */ = {
			isa = XCBuildConfiguration;
			buildSettings = {
				ALWAYS_EMBED_SWIFT_STANDARD_LIBRARIES = YES;
				BUNDLE_LOADER = "$(TEST_HOST)";
				CODE_SIGN_STYLE = Automatic;
				INFOPLIST_FILE = ReactiveAPIDemoTests/Info.plist;
				LD_RUNPATH_SEARCH_PATHS = (
					"$(inherited)",
					"@executable_path/Frameworks",
					"@loader_path/Frameworks",
				);
				PRODUCT_BUNDLE_IDENTIFIER = it.sky.ReactiveAPIDemoTests;
				PRODUCT_NAME = "$(TARGET_NAME)";
				SWIFT_VERSION = 5.0;
				TARGETED_DEVICE_FAMILY = "1,2";
				TEST_HOST = "$(BUILT_PRODUCTS_DIR)/ReactiveAPIDemo.app/ReactiveAPIDemo";
			};
			name = Debug;
		};
		FA543483224F68F700ACA9CE /* Release */ = {
			isa = XCBuildConfiguration;
			buildSettings = {
				ALWAYS_EMBED_SWIFT_STANDARD_LIBRARIES = YES;
				BUNDLE_LOADER = "$(TEST_HOST)";
				CODE_SIGN_STYLE = Automatic;
				INFOPLIST_FILE = ReactiveAPIDemoTests/Info.plist;
				LD_RUNPATH_SEARCH_PATHS = (
					"$(inherited)",
					"@executable_path/Frameworks",
					"@loader_path/Frameworks",
				);
				PRODUCT_BUNDLE_IDENTIFIER = it.sky.ReactiveAPIDemoTests;
				PRODUCT_NAME = "$(TARGET_NAME)";
				SWIFT_VERSION = 5.0;
				TARGETED_DEVICE_FAMILY = "1,2";
				TEST_HOST = "$(BUILT_PRODUCTS_DIR)/ReactiveAPIDemo.app/ReactiveAPIDemo";
			};
			name = Release;
		};
		FA543485224F68F700ACA9CE /* Debug */ = {
			isa = XCBuildConfiguration;
			buildSettings = {
				ALWAYS_EMBED_SWIFT_STANDARD_LIBRARIES = YES;
				CODE_SIGN_STYLE = Automatic;
				INFOPLIST_FILE = ReactiveAPIDemoUITests/Info.plist;
				LD_RUNPATH_SEARCH_PATHS = (
					"$(inherited)",
					"@executable_path/Frameworks",
					"@loader_path/Frameworks",
				);
				PRODUCT_BUNDLE_IDENTIFIER = it.sky.ReactiveAPIDemoUITests;
				PRODUCT_NAME = "$(TARGET_NAME)";
				SWIFT_VERSION = 5.0;
				TARGETED_DEVICE_FAMILY = "1,2";
				TEST_TARGET_NAME = ReactiveAPIDemo;
			};
			name = Debug;
		};
		FA543486224F68F700ACA9CE /* Release */ = {
			isa = XCBuildConfiguration;
			buildSettings = {
				ALWAYS_EMBED_SWIFT_STANDARD_LIBRARIES = YES;
				CODE_SIGN_STYLE = Automatic;
				INFOPLIST_FILE = ReactiveAPIDemoUITests/Info.plist;
				LD_RUNPATH_SEARCH_PATHS = (
					"$(inherited)",
					"@executable_path/Frameworks",
					"@loader_path/Frameworks",
				);
				PRODUCT_BUNDLE_IDENTIFIER = it.sky.ReactiveAPIDemoUITests;
				PRODUCT_NAME = "$(TARGET_NAME)";
				SWIFT_VERSION = 5.0;
				TARGETED_DEVICE_FAMILY = "1,2";
				TEST_TARGET_NAME = ReactiveAPIDemo;
			};
			name = Release;
		};
/* End XCBuildConfiguration section */

/* Begin XCConfigurationList section */
		FA543451224F68F500ACA9CE /* Build configuration list for PBXProject "ReactiveAPIDemo" */ = {
			isa = XCConfigurationList;
			buildConfigurations = (
				FA54347C224F68F700ACA9CE /* Debug */,
				FA54347D224F68F700ACA9CE /* Release */,
			);
			defaultConfigurationIsVisible = 0;
			defaultConfigurationName = Release;
		};
		FA54347E224F68F700ACA9CE /* Build configuration list for PBXNativeTarget "ReactiveAPIDemo" */ = {
			isa = XCConfigurationList;
			buildConfigurations = (
				FA54347F224F68F700ACA9CE /* Debug */,
				FA543480224F68F700ACA9CE /* Release */,
			);
			defaultConfigurationIsVisible = 0;
			defaultConfigurationName = Release;
		};
		FA543481224F68F700ACA9CE /* Build configuration list for PBXNativeTarget "ReactiveAPIDemoTests" */ = {
			isa = XCConfigurationList;
			buildConfigurations = (
				FA543482224F68F700ACA9CE /* Debug */,
				FA543483224F68F700ACA9CE /* Release */,
			);
			defaultConfigurationIsVisible = 0;
			defaultConfigurationName = Release;
		};
		FA543484224F68F700ACA9CE /* Build configuration list for PBXNativeTarget "ReactiveAPIDemoUITests" */ = {
			isa = XCConfigurationList;
			buildConfigurations = (
				FA543485224F68F700ACA9CE /* Debug */,
				FA543486224F68F700ACA9CE /* Release */,
			);
			defaultConfigurationIsVisible = 0;
			defaultConfigurationName = Release;
		};
/* End XCConfigurationList section */
	};
	rootObject = FA54344E224F68F500ACA9CE /* Project object */;
}
